
Microsoft Visual Studio Solution File, Format Version 11.00
# Visual Studio 2010
Project("{FAE04EC0-301F-11D3-BF4B-00C04F79EFBC}") = "Commander", "Commander\Commander.csproj", "{FC697C05-69B7-46AE-A46C-9101D3C81E1C}"
EndProject
Project("{FAE04EC0-301F-11D3-BF4B-00C04F79EFBC}") = "Core", "Core\Core.csproj", "{D6F32E4E-250E-4835-97FE-B8EBC7B405FC}"
EndProject
Project("{FAE04EC0-301F-11D3-BF4B-00C04F79EFBC}") = "Assets", "Assets\Content\Assets.contentproj", "{4FFC3384-C0F2-47F1-A074-7F834C50B6D1}"
EndProject
Project("{FAE04EC0-301F-11D3-BF4B-00C04F79EFBC}") = "Big Assetss", "Big Assets\Content\Big Assetss.contentproj", "{4FFC3384-C0F2-47F1-A074-7F834C50B6D2}"
EndProject
Project("{FAE04EC0-301F-11D3-BF4B-00C04F79EFBC}") = "Core Assets", "Core\Content\Core Assets.contentproj", "{E73B4EF4-6F84-4CA8-BBA0-FC519C993F99}"
EndProject
Project("{FAE04EC0-301F-11D3-BF4B-00C04F79EFBC}") = "Core Xbox 360", "Core\Core Xbox 360.csproj", "{D78912B8-54DD-45D6-9906-D61A6D7EC610}"
EndProject
Project("{FAE04EC0-301F-11D3-BF4B-00C04F79EFBC}") = "Commander Xbox 360", "Commander\Commander Xbox 360.csproj", "{7513489D-4684-4791-B526-70C17DB7050C}"
EndProject
Project("{FAE04EC0-301F-11D3-BF4B-00C04F79EFBC}") = "SpriteSheetPipeline", "Core\SpriteSheetPipeline\SpriteSheetPipeline.csproj", "{25146084-89AA-4A55-8D32-E237CBA223C0}"
EndProject
Project("{FAE04EC0-301F-11D3-BF4B-00C04F79EFBC}") = "Big Assets", "Big Assets\Big Assets.csproj", "{34DCC643-9CF6-4AAF-8F5B-849138F3888F}"
EndProject
Project("{FAE04EC0-301F-11D3-BF4B-00C04F79EFBC}") = "SpriteSheetRuntime", "Core\SpriteSheetRuntime\SpriteSheetRuntime.csproj", "{9EDDAE20-5940-4CEB-825C-AFAE694B43BA}"
EndProject
Project("{FAE04EC0-301F-11D3-BF4B-00C04F79EFBC}") = "SpriteSheetRuntime Xbox 360", "Core\SpriteSheetRuntime\SpriteSheetRuntime Xbox 360.csproj", "{3EFFFA93-3243-40E3-9670-A77E767674A1}"
EndProject
Project("{FAE04EC0-301F-11D3-BF4B-00C04F79EFBC}") = "Big Assets Xbox 360", "Big Assets\Big Assets Xbox 360.csproj", "{0D8EF78B-1ACA-4E0F-9AA2-2AF2E6BC4526}"
EndProject
Project("{FAE04EC0-301F-11D3-BF4B-00C04F79EFBC}") = "SpriteSheetRuntime Phone 7.1", "Core\SpriteSheetRuntime\SpriteSheetRuntime Phone 7.1.csproj", "{0FE74F34-7F76-429D-8FEA-95148F1557D2}"
EndProject
Project("{FAE04EC0-301F-11D3-BF4B-00C04F79EFBC}") = "Core Phone 7.1", "Core\Core Phone 7.1.csproj", "{986BDF19-7EE7-4FEF-8A68-31AECAE72CA7}"
EndProject
Global
	GlobalSection(SolutionConfigurationPlatforms) = preSolution
		Debug - Trial|Any CPU = Debug - Trial|Any CPU
		Debug - Trial|Mixed Platforms = Debug - Trial|Mixed Platforms
		Debug - Trial|Windows Phone = Debug - Trial|Windows Phone
		Debug - Trial|x86 = Debug - Trial|x86
		Debug - Trial|Xbox 360 = Debug - Trial|Xbox 360
		Debug|Any CPU = Debug|Any CPU
		Debug|Mixed Platforms = Debug|Mixed Platforms
		Debug|Windows Phone = Debug|Windows Phone
		Debug|x86 = Debug|x86
		Debug|Xbox 360 = Debug|Xbox 360
		Release - Trial|Any CPU = Release - Trial|Any CPU
		Release - Trial|Mixed Platforms = Release - Trial|Mixed Platforms
		Release - Trial|Windows Phone = Release - Trial|Windows Phone
		Release - Trial|x86 = Release - Trial|x86
		Release - Trial|Xbox 360 = Release - Trial|Xbox 360
		Release|Any CPU = Release|Any CPU
		Release|Mixed Platforms = Release|Mixed Platforms
		Release|Windows Phone = Release|Windows Phone
		Release|x86 = Release|x86
		Release|Xbox 360 = Release|Xbox 360
	EndGlobalSection
	GlobalSection(ProjectConfigurationPlatforms) = postSolution
		{FC697C05-69B7-46AE-A46C-9101D3C81E1C}.Debug - Trial|Any CPU.ActiveCfg = Debug - Trial|x86
		{FC697C05-69B7-46AE-A46C-9101D3C81E1C}.Debug - Trial|Mixed Platforms.ActiveCfg = Debug - Trial|x86
		{FC697C05-69B7-46AE-A46C-9101D3C81E1C}.Debug - Trial|Mixed Platforms.Build.0 = Debug - Trial|x86
		{FC697C05-69B7-46AE-A46C-9101D3C81E1C}.Debug - Trial|Windows Phone.ActiveCfg = Debug - Trial|x86
		{FC697C05-69B7-46AE-A46C-9101D3C81E1C}.Debug - Trial|Windows Phone.Build.0 = Debug - Trial|x86
		{FC697C05-69B7-46AE-A46C-9101D3C81E1C}.Debug - Trial|x86.ActiveCfg = Debug - Trial|x86
		{FC697C05-69B7-46AE-A46C-9101D3C81E1C}.Debug - Trial|x86.Build.0 = Debug - Trial|x86
		{FC697C05-69B7-46AE-A46C-9101D3C81E1C}.Debug - Trial|Xbox 360.ActiveCfg = Debug - Trial|x86
		{FC697C05-69B7-46AE-A46C-9101D3C81E1C}.Debug|Any CPU.ActiveCfg = Debug|x86
		{FC697C05-69B7-46AE-A46C-9101D3C81E1C}.Debug|Mixed Platforms.ActiveCfg = Debug|x86
		{FC697C05-69B7-46AE-A46C-9101D3C81E1C}.Debug|Mixed Platforms.Build.0 = Debug|x86
		{FC697C05-69B7-46AE-A46C-9101D3C81E1C}.Debug|Windows Phone.ActiveCfg = Debug|x86
		{FC697C05-69B7-46AE-A46C-9101D3C81E1C}.Debug|Windows Phone.Build.0 = Debug|x86
		{FC697C05-69B7-46AE-A46C-9101D3C81E1C}.Debug|x86.ActiveCfg = Debug|x86
		{FC697C05-69B7-46AE-A46C-9101D3C81E1C}.Debug|x86.Build.0 = Debug|x86
		{FC697C05-69B7-46AE-A46C-9101D3C81E1C}.Debug|Xbox 360.ActiveCfg = Debug|x86
		{FC697C05-69B7-46AE-A46C-9101D3C81E1C}.Release - Trial|Any CPU.ActiveCfg = Release - Trial|x86
		{FC697C05-69B7-46AE-A46C-9101D3C81E1C}.Release - Trial|Mixed Platforms.ActiveCfg = Release - Trial|x86
		{FC697C05-69B7-46AE-A46C-9101D3C81E1C}.Release - Trial|Windows Phone.ActiveCfg = Release - Trial|x86
		{FC697C05-69B7-46AE-A46C-9101D3C81E1C}.Release - Trial|Windows Phone.Build.0 = Release - Trial|x86
		{FC697C05-69B7-46AE-A46C-9101D3C81E1C}.Release - Trial|x86.ActiveCfg = Release - Trial|x86
		{FC697C05-69B7-46AE-A46C-9101D3C81E1C}.Release - Trial|x86.Build.0 = Release - Trial|x86
		{FC697C05-69B7-46AE-A46C-9101D3C81E1C}.Release - Trial|Xbox 360.ActiveCfg = Release - Trial|x86
		{FC697C05-69B7-46AE-A46C-9101D3C81E1C}.Release|Any CPU.ActiveCfg = Release|x86
		{FC697C05-69B7-46AE-A46C-9101D3C81E1C}.Release|Mixed Platforms.ActiveCfg = Release|x86
		{FC697C05-69B7-46AE-A46C-9101D3C81E1C}.Release|Mixed Platforms.Build.0 = Release|x86
		{FC697C05-69B7-46AE-A46C-9101D3C81E1C}.Release|Windows Phone.ActiveCfg = Release|x86
		{FC697C05-69B7-46AE-A46C-9101D3C81E1C}.Release|Windows Phone.Build.0 = Release|x86
		{FC697C05-69B7-46AE-A46C-9101D3C81E1C}.Release|x86.ActiveCfg = Release|x86
		{FC697C05-69B7-46AE-A46C-9101D3C81E1C}.Release|x86.Build.0 = Release|x86
		{FC697C05-69B7-46AE-A46C-9101D3C81E1C}.Release|Xbox 360.ActiveCfg = Release|x86
		{D6F32E4E-250E-4835-97FE-B8EBC7B405FC}.Debug - Trial|Any CPU.ActiveCfg = Debug|x86
		{D6F32E4E-250E-4835-97FE-B8EBC7B405FC}.Debug - Trial|Mixed Platforms.ActiveCfg = Debug|x86
		{D6F32E4E-250E-4835-97FE-B8EBC7B405FC}.Debug - Trial|Mixed Platforms.Build.0 = Debug|x86
		{D6F32E4E-250E-4835-97FE-B8EBC7B405FC}.Debug - Trial|Windows Phone.ActiveCfg = Debug|x86
		{D6F32E4E-250E-4835-97FE-B8EBC7B405FC}.Debug - Trial|Windows Phone.Build.0 = Debug|x86
		{D6F32E4E-250E-4835-97FE-B8EBC7B405FC}.Debug - Trial|x86.ActiveCfg = Debug|x86
		{D6F32E4E-250E-4835-97FE-B8EBC7B405FC}.Debug - Trial|x86.Build.0 = Debug|x86
		{D6F32E4E-250E-4835-97FE-B8EBC7B405FC}.Debug - Trial|Xbox 360.ActiveCfg = Debug|x86
		{D6F32E4E-250E-4835-97FE-B8EBC7B405FC}.Debug|Any CPU.ActiveCfg = Debug|x86
		{D6F32E4E-250E-4835-97FE-B8EBC7B405FC}.Debug|Mixed Platforms.ActiveCfg = Debug|x86
		{D6F32E4E-250E-4835-97FE-B8EBC7B405FC}.Debug|Mixed Platforms.Build.0 = Debug|x86
		{D6F32E4E-250E-4835-97FE-B8EBC7B405FC}.Debug|Windows Phone.ActiveCfg = Debug|x86
		{D6F32E4E-250E-4835-97FE-B8EBC7B405FC}.Debug|Windows Phone.Build.0 = Debug|x86
		{D6F32E4E-250E-4835-97FE-B8EBC7B405FC}.Debug|x86.ActiveCfg = Debug|x86
		{D6F32E4E-250E-4835-97FE-B8EBC7B405FC}.Debug|x86.Build.0 = Debug|x86
		{D6F32E4E-250E-4835-97FE-B8EBC7B405FC}.Debug|Xbox 360.ActiveCfg = Debug|x86
		{D6F32E4E-250E-4835-97FE-B8EBC7B405FC}.Release - Trial|Any CPU.ActiveCfg = Release - Trial|x86
		{D6F32E4E-250E-4835-97FE-B8EBC7B405FC}.Release - Trial|Mixed Platforms.ActiveCfg = Release - Trial|x86
		{D6F32E4E-250E-4835-97FE-B8EBC7B405FC}.Release - Trial|Windows Phone.ActiveCfg = Release - Trial|x86
		{D6F32E4E-250E-4835-97FE-B8EBC7B405FC}.Release - Trial|Windows Phone.Build.0 = Release - Trial|x86
		{D6F32E4E-250E-4835-97FE-B8EBC7B405FC}.Release - Trial|x86.ActiveCfg = Release - Trial|x86
		{D6F32E4E-250E-4835-97FE-B8EBC7B405FC}.Release - Trial|x86.Build.0 = Release - Trial|x86
		{D6F32E4E-250E-4835-97FE-B8EBC7B405FC}.Release - Trial|Xbox 360.ActiveCfg = Release - Trial|x86
		{D6F32E4E-250E-4835-97FE-B8EBC7B405FC}.Release|Any CPU.ActiveCfg = Release|x86
		{D6F32E4E-250E-4835-97FE-B8EBC7B405FC}.Release|Mixed Platforms.ActiveCfg = Release|x86
		{D6F32E4E-250E-4835-97FE-B8EBC7B405FC}.Release|Mixed Platforms.Build.0 = Release|x86
		{D6F32E4E-250E-4835-97FE-B8EBC7B405FC}.Release|Windows Phone.ActiveCfg = Release|x86
		{D6F32E4E-250E-4835-97FE-B8EBC7B405FC}.Release|Windows Phone.Build.0 = Release|x86
		{D6F32E4E-250E-4835-97FE-B8EBC7B405FC}.Release|x86.ActiveCfg = Release|x86
		{D6F32E4E-250E-4835-97FE-B8EBC7B405FC}.Release|x86.Build.0 = Release|x86
		{D6F32E4E-250E-4835-97FE-B8EBC7B405FC}.Release|Xbox 360.ActiveCfg = Release|x86
		{4FFC3384-C0F2-47F1-A074-7F834C50B6D1}.Debug - Trial|Any CPU.ActiveCfg = Debug - Trial|x86
		{4FFC3384-C0F2-47F1-A074-7F834C50B6D1}.Debug - Trial|Mixed Platforms.ActiveCfg = Debug - Trial|x86
		{4FFC3384-C0F2-47F1-A074-7F834C50B6D1}.Debug - Trial|Windows Phone.ActiveCfg = Debug - Trial|x86
		{4FFC3384-C0F2-47F1-A074-7F834C50B6D1}.Debug - Trial|x86.ActiveCfg = Debug - Trial|x86
		{4FFC3384-C0F2-47F1-A074-7F834C50B6D1}.Debug - Trial|Xbox 360.ActiveCfg = Debug - Trial|x86
		{4FFC3384-C0F2-47F1-A074-7F834C50B6D1}.Debug|Any CPU.ActiveCfg = Debug|x86
		{4FFC3384-C0F2-47F1-A074-7F834C50B6D1}.Debug|Mixed Platforms.ActiveCfg = Debug|x86
		{4FFC3384-C0F2-47F1-A074-7F834C50B6D1}.Debug|Windows Phone.ActiveCfg = Debug|x86
		{4FFC3384-C0F2-47F1-A074-7F834C50B6D1}.Debug|x86.ActiveCfg = Debug|x86
		{4FFC3384-C0F2-47F1-A074-7F834C50B6D1}.Debug|Xbox 360.ActiveCfg = Debug|x86
		{4FFC3384-C0F2-47F1-A074-7F834C50B6D1}.Release - Trial|Any CPU.ActiveCfg = Release - Trial|x86
		{4FFC3384-C0F2-47F1-A074-7F834C50B6D1}.Release - Trial|Mixed Platforms.ActiveCfg = Release - Trial|x86
		{4FFC3384-C0F2-47F1-A074-7F834C50B6D1}.Release - Trial|Windows Phone.ActiveCfg = Release - Trial|x86
		{4FFC3384-C0F2-47F1-A074-7F834C50B6D1}.Release - Trial|x86.ActiveCfg = Release - Trial|x86
		{4FFC3384-C0F2-47F1-A074-7F834C50B6D1}.Release - Trial|Xbox 360.ActiveCfg = Release - Trial|x86
		{4FFC3384-C0F2-47F1-A074-7F834C50B6D1}.Release|Any CPU.ActiveCfg = Release|x86
		{4FFC3384-C0F2-47F1-A074-7F834C50B6D1}.Release|Mixed Platforms.ActiveCfg = Release|x86
		{4FFC3384-C0F2-47F1-A074-7F834C50B6D1}.Release|Windows Phone.ActiveCfg = Release|x86
		{4FFC3384-C0F2-47F1-A074-7F834C50B6D1}.Release|x86.ActiveCfg = Release|x86
		{4FFC3384-C0F2-47F1-A074-7F834C50B6D1}.Release|Xbox 360.ActiveCfg = Release|x86
		{4FFC3384-C0F2-47F1-A074-7F834C50B6D2}.Debug - Trial|Any CPU.ActiveCfg = Debug - Trial|x86
		{4FFC3384-C0F2-47F1-A074-7F834C50B6D2}.Debug - Trial|Mixed Platforms.ActiveCfg = Debug - Trial|x86
		{4FFC3384-C0F2-47F1-A074-7F834C50B6D2}.Debug - Trial|Windows Phone.ActiveCfg = Debug - Trial|x86
		{4FFC3384-C0F2-47F1-A074-7F834C50B6D2}.Debug - Trial|x86.ActiveCfg = Debug - Trial|x86
		{4FFC3384-C0F2-47F1-A074-7F834C50B6D2}.Debug - Trial|Xbox 360.ActiveCfg = Debug - Trial|x86
		{4FFC3384-C0F2-47F1-A074-7F834C50B6D2}.Debug|Any CPU.ActiveCfg = Debug|x86
		{4FFC3384-C0F2-47F1-A074-7F834C50B6D2}.Debug|Mixed Platforms.ActiveCfg = Debug|x86
		{4FFC3384-C0F2-47F1-A074-7F834C50B6D2}.Debug|Windows Phone.ActiveCfg = Debug|x86
		{4FFC3384-C0F2-47F1-A074-7F834C50B6D2}.Debug|x86.ActiveCfg = Debug|x86
		{4FFC3384-C0F2-47F1-A074-7F834C50B6D2}.Debug|Xbox 360.ActiveCfg = Debug|x86
		{4FFC3384-C0F2-47F1-A074-7F834C50B6D2}.Release - Trial|Any CPU.ActiveCfg = Release - Trial|x86
		{4FFC3384-C0F2-47F1-A074-7F834C50B6D2}.Release - Trial|Mixed Platforms.ActiveCfg = Release - Trial|x86
		{4FFC3384-C0F2-47F1-A074-7F834C50B6D2}.Release - Trial|Windows Phone.ActiveCfg = Release - Trial|x86
		{4FFC3384-C0F2-47F1-A074-7F834C50B6D2}.Release - Trial|x86.ActiveCfg = Release - Trial|x86
		{4FFC3384-C0F2-47F1-A074-7F834C50B6D2}.Release - Trial|Xbox 360.ActiveCfg = Release - Trial|x86
		{4FFC3384-C0F2-47F1-A074-7F834C50B6D2}.Release|Any CPU.ActiveCfg = Release|x86
		{4FFC3384-C0F2-47F1-A074-7F834C50B6D2}.Release|Mixed Platforms.ActiveCfg = Release|x86
		{4FFC3384-C0F2-47F1-A074-7F834C50B6D2}.Release|Windows Phone.ActiveCfg = Release|x86
		{4FFC3384-C0F2-47F1-A074-7F834C50B6D2}.Release|x86.ActiveCfg = Release|x86
		{4FFC3384-C0F2-47F1-A074-7F834C50B6D2}.Release|Xbox 360.ActiveCfg = Release|x86
		{E73B4EF4-6F84-4CA8-BBA0-FC519C993F99}.Debug - Trial|Any CPU.ActiveCfg = Debug|x86
		{E73B4EF4-6F84-4CA8-BBA0-FC519C993F99}.Debug - Trial|Mixed Platforms.ActiveCfg = Debug|x86
		{E73B4EF4-6F84-4CA8-BBA0-FC519C993F99}.Debug - Trial|Windows Phone.ActiveCfg = Debug|x86
		{E73B4EF4-6F84-4CA8-BBA0-FC519C993F99}.Debug - Trial|x86.ActiveCfg = Debug|x86
		{E73B4EF4-6F84-4CA8-BBA0-FC519C993F99}.Debug - Trial|Xbox 360.ActiveCfg = Debug|x86
		{E73B4EF4-6F84-4CA8-BBA0-FC519C993F99}.Debug|Any CPU.ActiveCfg = Debug|x86
		{E73B4EF4-6F84-4CA8-BBA0-FC519C993F99}.Debug|Mixed Platforms.ActiveCfg = Debug|x86
		{E73B4EF4-6F84-4CA8-BBA0-FC519C993F99}.Debug|Windows Phone.ActiveCfg = Debug|x86
		{E73B4EF4-6F84-4CA8-BBA0-FC519C993F99}.Debug|x86.ActiveCfg = Debug|x86
		{E73B4EF4-6F84-4CA8-BBA0-FC519C993F99}.Debug|x86.Build.0 = Debug|x86
		{E73B4EF4-6F84-4CA8-BBA0-FC519C993F99}.Debug|Xbox 360.ActiveCfg = Debug|x86
		{E73B4EF4-6F84-4CA8-BBA0-FC519C993F99}.Release - Trial|Any CPU.ActiveCfg = Release|x86
		{E73B4EF4-6F84-4CA8-BBA0-FC519C993F99}.Release - Trial|Mixed Platforms.ActiveCfg = Release|x86
		{E73B4EF4-6F84-4CA8-BBA0-FC519C993F99}.Release - Trial|Windows Phone.ActiveCfg = Release|x86
		{E73B4EF4-6F84-4CA8-BBA0-FC519C993F99}.Release - Trial|x86.ActiveCfg = Release|x86
		{E73B4EF4-6F84-4CA8-BBA0-FC519C993F99}.Release - Trial|Xbox 360.ActiveCfg = Release|x86
		{E73B4EF4-6F84-4CA8-BBA0-FC519C993F99}.Release|Any CPU.ActiveCfg = Release|x86
		{E73B4EF4-6F84-4CA8-BBA0-FC519C993F99}.Release|Mixed Platforms.ActiveCfg = Release|x86
		{E73B4EF4-6F84-4CA8-BBA0-FC519C993F99}.Release|Windows Phone.ActiveCfg = Release|x86
		{E73B4EF4-6F84-4CA8-BBA0-FC519C993F99}.Release|x86.ActiveCfg = Release|x86
		{E73B4EF4-6F84-4CA8-BBA0-FC519C993F99}.Release|Xbox 360.ActiveCfg = Release|x86
		{D78912B8-54DD-45D6-9906-D61A6D7EC610}.Debug - Trial|Any CPU.ActiveCfg = Debug|Xbox 360
		{D78912B8-54DD-45D6-9906-D61A6D7EC610}.Debug - Trial|Mixed Platforms.ActiveCfg = Debug|Xbox 360
		{D78912B8-54DD-45D6-9906-D61A6D7EC610}.Debug - Trial|Mixed Platforms.Build.0 = Debug|Xbox 360
		{D78912B8-54DD-45D6-9906-D61A6D7EC610}.Debug - Trial|Windows Phone.ActiveCfg = Debug|Xbox 360
		{D78912B8-54DD-45D6-9906-D61A6D7EC610}.Debug - Trial|Windows Phone.Build.0 = Debug|Xbox 360
		{D78912B8-54DD-45D6-9906-D61A6D7EC610}.Debug - Trial|x86.ActiveCfg = Debug|Xbox 360
		{D78912B8-54DD-45D6-9906-D61A6D7EC610}.Debug - Trial|Xbox 360.ActiveCfg = Debug|Xbox 360
		{D78912B8-54DD-45D6-9906-D61A6D7EC610}.Debug - Trial|Xbox 360.Build.0 = Debug|Xbox 360
		{D78912B8-54DD-45D6-9906-D61A6D7EC610}.Debug|Any CPU.ActiveCfg = Debug|Xbox 360
		{D78912B8-54DD-45D6-9906-D61A6D7EC610}.Debug|Mixed Platforms.ActiveCfg = Debug|Xbox 360
		{D78912B8-54DD-45D6-9906-D61A6D7EC610}.Debug|Mixed Platforms.Build.0 = Debug|Xbox 360
		{D78912B8-54DD-45D6-9906-D61A6D7EC610}.Debug|Windows Phone.ActiveCfg = Debug|Xbox 360
		{D78912B8-54DD-45D6-9906-D61A6D7EC610}.Debug|Windows Phone.Build.0 = Debug|Xbox 360
		{D78912B8-54DD-45D6-9906-D61A6D7EC610}.Debug|x86.ActiveCfg = Debug|Xbox 360
		{D78912B8-54DD-45D6-9906-D61A6D7EC610}.Debug|Xbox 360.ActiveCfg = Debug|Xbox 360
		{D78912B8-54DD-45D6-9906-D61A6D7EC610}.Debug|Xbox 360.Build.0 = Debug|Xbox 360
		{D78912B8-54DD-45D6-9906-D61A6D7EC610}.Release - Trial|Any CPU.ActiveCfg = Release|Xbox 360
		{D78912B8-54DD-45D6-9906-D61A6D7EC610}.Release - Trial|Mixed Platforms.ActiveCfg = Release|Xbox 360
		{D78912B8-54DD-45D6-9906-D61A6D7EC610}.Release - Trial|Mixed Platforms.Build.0 = Release|Xbox 360
		{D78912B8-54DD-45D6-9906-D61A6D7EC610}.Release - Trial|Windows Phone.ActiveCfg = Release|Xbox 360
		{D78912B8-54DD-45D6-9906-D61A6D7EC610}.Release - Trial|Windows Phone.Build.0 = Release|Xbox 360
		{D78912B8-54DD-45D6-9906-D61A6D7EC610}.Release - Trial|x86.ActiveCfg = Release|Xbox 360
		{D78912B8-54DD-45D6-9906-D61A6D7EC610}.Release - Trial|Xbox 360.ActiveCfg = Release|Xbox 360
		{D78912B8-54DD-45D6-9906-D61A6D7EC610}.Release - Trial|Xbox 360.Build.0 = Release|Xbox 360
		{D78912B8-54DD-45D6-9906-D61A6D7EC610}.Release|Any CPU.ActiveCfg = Release|Xbox 360
		{D78912B8-54DD-45D6-9906-D61A6D7EC610}.Release|Mixed Platforms.ActiveCfg = Release|Xbox 360
		{D78912B8-54DD-45D6-9906-D61A6D7EC610}.Release|Mixed Platforms.Build.0 = Release|Xbox 360
		{D78912B8-54DD-45D6-9906-D61A6D7EC610}.Release|Windows Phone.ActiveCfg = Release|Xbox 360
		{D78912B8-54DD-45D6-9906-D61A6D7EC610}.Release|Windows Phone.Build.0 = Release|Xbox 360
		{D78912B8-54DD-45D6-9906-D61A6D7EC610}.Release|x86.ActiveCfg = Release|Xbox 360
		{D78912B8-54DD-45D6-9906-D61A6D7EC610}.Release|Xbox 360.ActiveCfg = Release|Xbox 360
		{D78912B8-54DD-45D6-9906-D61A6D7EC610}.Release|Xbox 360.Build.0 = Release|Xbox 360
		{7513489D-4684-4791-B526-70C17DB7050C}.Debug - Trial|Any CPU.ActiveCfg = Debug|Xbox 360
		{7513489D-4684-4791-B526-70C17DB7050C}.Debug - Trial|Mixed Platforms.ActiveCfg = Debug|Xbox 360
		{7513489D-4684-4791-B526-70C17DB7050C}.Debug - Trial|Mixed Platforms.Build.0 = Debug|Xbox 360
		{7513489D-4684-4791-B526-70C17DB7050C}.Debug - Trial|Mixed Platforms.Deploy.0 = Debug|Xbox 360
		{7513489D-4684-4791-B526-70C17DB7050C}.Debug - Trial|Windows Phone.ActiveCfg = Debug|Xbox 360
		{7513489D-4684-4791-B526-70C17DB7050C}.Debug - Trial|Windows Phone.Build.0 = Debug|Xbox 360
		{7513489D-4684-4791-B526-70C17DB7050C}.Debug - Trial|x86.ActiveCfg = Debug|Xbox 360
		{7513489D-4684-4791-B526-70C17DB7050C}.Debug - Trial|Xbox 360.ActiveCfg = Debug|Xbox 360
		{7513489D-4684-4791-B526-70C17DB7050C}.Debug - Trial|Xbox 360.Build.0 = Debug|Xbox 360
		{7513489D-4684-4791-B526-70C17DB7050C}.Debug - Trial|Xbox 360.Deploy.0 = Debug|Xbox 360
		{7513489D-4684-4791-B526-70C17DB7050C}.Debug|Any CPU.ActiveCfg = Debug|Xbox 360
		{7513489D-4684-4791-B526-70C17DB7050C}.Debug|Mixed Platforms.ActiveCfg = Debug|Xbox 360
		{7513489D-4684-4791-B526-70C17DB7050C}.Debug|Mixed Platforms.Build.0 = Debug|Xbox 360
		{7513489D-4684-4791-B526-70C17DB7050C}.Debug|Mixed Platforms.Deploy.0 = Debug|Xbox 360
		{7513489D-4684-4791-B526-70C17DB7050C}.Debug|Windows Phone.ActiveCfg = Debug|Xbox 360
		{7513489D-4684-4791-B526-70C17DB7050C}.Debug|Windows Phone.Build.0 = Debug|Xbox 360
		{7513489D-4684-4791-B526-70C17DB7050C}.Debug|x86.ActiveCfg = Debug|Xbox 360
		{7513489D-4684-4791-B526-70C17DB7050C}.Debug|Xbox 360.ActiveCfg = Debug|Xbox 360
		{7513489D-4684-4791-B526-70C17DB7050C}.Debug|Xbox 360.Build.0 = Debug|Xbox 360
		{7513489D-4684-4791-B526-70C17DB7050C}.Debug|Xbox 360.Deploy.0 = Debug|Xbox 360
		{7513489D-4684-4791-B526-70C17DB7050C}.Release - Trial|Any CPU.ActiveCfg = Release|Xbox 360
		{7513489D-4684-4791-B526-70C17DB7050C}.Release - Trial|Mixed Platforms.ActiveCfg = Release|Xbox 360
		{7513489D-4684-4791-B526-70C17DB7050C}.Release - Trial|Mixed Platforms.Build.0 = Release|Xbox 360
		{7513489D-4684-4791-B526-70C17DB7050C}.Release - Trial|Mixed Platforms.Deploy.0 = Release|Xbox 360
		{7513489D-4684-4791-B526-70C17DB7050C}.Release - Trial|Windows Phone.ActiveCfg = Release|Xbox 360
		{7513489D-4684-4791-B526-70C17DB7050C}.Release - Trial|Windows Phone.Build.0 = Release|Xbox 360
		{7513489D-4684-4791-B526-70C17DB7050C}.Release - Trial|x86.ActiveCfg = Release|Xbox 360
		{7513489D-4684-4791-B526-70C17DB7050C}.Release - Trial|Xbox 360.ActiveCfg = Release|Xbox 360
		{7513489D-4684-4791-B526-70C17DB7050C}.Release - Trial|Xbox 360.Build.0 = Release|Xbox 360
		{7513489D-4684-4791-B526-70C17DB7050C}.Release - Trial|Xbox 360.Deploy.0 = Release|Xbox 360
		{7513489D-4684-4791-B526-70C17DB7050C}.Release|Any CPU.ActiveCfg = Release|Xbox 360
		{7513489D-4684-4791-B526-70C17DB7050C}.Release|Mixed Platforms.ActiveCfg = Release|Xbox 360
		{7513489D-4684-4791-B526-70C17DB7050C}.Release|Mixed Platforms.Build.0 = Release|Xbox 360
		{7513489D-4684-4791-B526-70C17DB7050C}.Release|Mixed Platforms.Deploy.0 = Release|Xbox 360
		{7513489D-4684-4791-B526-70C17DB7050C}.Release|Windows Phone.ActiveCfg = Release|Xbox 360
		{7513489D-4684-4791-B526-70C17DB7050C}.Release|Windows Phone.Build.0 = Release|Xbox 360
		{7513489D-4684-4791-B526-70C17DB7050C}.Release|x86.ActiveCfg = Release|Xbox 360
		{7513489D-4684-4791-B526-70C17DB7050C}.Release|Xbox 360.ActiveCfg = Release|Xbox 360
		{7513489D-4684-4791-B526-70C17DB7050C}.Release|Xbox 360.Build.0 = Release|Xbox 360
		{7513489D-4684-4791-B526-70C17DB7050C}.Release|Xbox 360.Deploy.0 = Release|Xbox 360
		{25146084-89AA-4A55-8D32-E237CBA223C0}.Debug - Trial|Any CPU.ActiveCfg = Debug|x86
		{25146084-89AA-4A55-8D32-E237CBA223C0}.Debug - Trial|Any CPU.Build.0 = Debug|x86
		{25146084-89AA-4A55-8D32-E237CBA223C0}.Debug - Trial|Mixed Platforms.ActiveCfg = Debug|x86
		{25146084-89AA-4A55-8D32-E237CBA223C0}.Debug - Trial|Mixed Platforms.Build.0 = Debug|x86
		{25146084-89AA-4A55-8D32-E237CBA223C0}.Debug - Trial|Windows Phone.ActiveCfg = Debug|x86
		{25146084-89AA-4A55-8D32-E237CBA223C0}.Debug - Trial|Windows Phone.Build.0 = Debug|x86
		{25146084-89AA-4A55-8D32-E237CBA223C0}.Debug - Trial|x86.ActiveCfg = Debug|x86
		{25146084-89AA-4A55-8D32-E237CBA223C0}.Debug - Trial|x86.Build.0 = Debug|x86
		{25146084-89AA-4A55-8D32-E237CBA223C0}.Debug - Trial|Xbox 360.ActiveCfg = Debug|x86
		{25146084-89AA-4A55-8D32-E237CBA223C0}.Debug - Trial|Xbox 360.Build.0 = Debug|x86
		{25146084-89AA-4A55-8D32-E237CBA223C0}.Debug|Any CPU.ActiveCfg = Debug|x86
		{25146084-89AA-4A55-8D32-E237CBA223C0}.Debug|Any CPU.Build.0 = Debug|x86
		{25146084-89AA-4A55-8D32-E237CBA223C0}.Debug|Mixed Platforms.ActiveCfg = Debug|x86
		{25146084-89AA-4A55-8D32-E237CBA223C0}.Debug|Mixed Platforms.Build.0 = Debug|x86
		{25146084-89AA-4A55-8D32-E237CBA223C0}.Debug|Windows Phone.ActiveCfg = Debug|x86
		{25146084-89AA-4A55-8D32-E237CBA223C0}.Debug|Windows Phone.Build.0 = Debug|x86
		{25146084-89AA-4A55-8D32-E237CBA223C0}.Debug|x86.ActiveCfg = Debug|x86
		{25146084-89AA-4A55-8D32-E237CBA223C0}.Debug|x86.Build.0 = Debug|x86
		{25146084-89AA-4A55-8D32-E237CBA223C0}.Debug|Xbox 360.ActiveCfg = Debug|x86
		{25146084-89AA-4A55-8D32-E237CBA223C0}.Debug|Xbox 360.Build.0 = Debug|x86
		{25146084-89AA-4A55-8D32-E237CBA223C0}.Release - Trial|Any CPU.ActiveCfg = Debug|x86
		{25146084-89AA-4A55-8D32-E237CBA223C0}.Release - Trial|Any CPU.Build.0 = Debug|x86
		{25146084-89AA-4A55-8D32-E237CBA223C0}.Release - Trial|Mixed Platforms.ActiveCfg = Debug|x86
		{25146084-89AA-4A55-8D32-E237CBA223C0}.Release - Trial|Mixed Platforms.Build.0 = Debug|x86
		{25146084-89AA-4A55-8D32-E237CBA223C0}.Release - Trial|Windows Phone.ActiveCfg = Debug|x86
		{25146084-89AA-4A55-8D32-E237CBA223C0}.Release - Trial|Windows Phone.Build.0 = Debug|x86
		{25146084-89AA-4A55-8D32-E237CBA223C0}.Release - Trial|x86.ActiveCfg = Debug|x86
		{25146084-89AA-4A55-8D32-E237CBA223C0}.Release - Trial|x86.Build.0 = Debug|x86
		{25146084-89AA-4A55-8D32-E237CBA223C0}.Release - Trial|Xbox 360.ActiveCfg = Debug|x86
		{25146084-89AA-4A55-8D32-E237CBA223C0}.Release - Trial|Xbox 360.Build.0 = Debug|x86
		{25146084-89AA-4A55-8D32-E237CBA223C0}.Release|Any CPU.ActiveCfg = Debug|x86
		{25146084-89AA-4A55-8D32-E237CBA223C0}.Release|Any CPU.Build.0 = Debug|x86
		{25146084-89AA-4A55-8D32-E237CBA223C0}.Release|Mixed Platforms.ActiveCfg = Debug|x86
		{25146084-89AA-4A55-8D32-E237CBA223C0}.Release|Mixed Platforms.Build.0 = Debug|x86
		{25146084-89AA-4A55-8D32-E237CBA223C0}.Release|Windows Phone.ActiveCfg = Debug|x86
		{25146084-89AA-4A55-8D32-E237CBA223C0}.Release|Windows Phone.Build.0 = Debug|x86
		{25146084-89AA-4A55-8D32-E237CBA223C0}.Release|x86.ActiveCfg = Debug|x86
		{25146084-89AA-4A55-8D32-E237CBA223C0}.Release|x86.Build.0 = Debug|x86
		{25146084-89AA-4A55-8D32-E237CBA223C0}.Release|Xbox 360.ActiveCfg = Debug|x86
		{25146084-89AA-4A55-8D32-E237CBA223C0}.Release|Xbox 360.Build.0 = Debug|x86
		{34DCC643-9CF6-4AAF-8F5B-849138F3888F}.Debug - Trial|Any CPU.ActiveCfg = Debug|x86
		{34DCC643-9CF6-4AAF-8F5B-849138F3888F}.Debug - Trial|Mixed Platforms.ActiveCfg = Debug|x86
		{34DCC643-9CF6-4AAF-8F5B-849138F3888F}.Debug - Trial|Mixed Platforms.Build.0 = Debug|x86
		{34DCC643-9CF6-4AAF-8F5B-849138F3888F}.Debug - Trial|Windows Phone.ActiveCfg = Debug|x86
		{34DCC643-9CF6-4AAF-8F5B-849138F3888F}.Debug - Trial|Windows Phone.Build.0 = Debug|x86
		{34DCC643-9CF6-4AAF-8F5B-849138F3888F}.Debug - Trial|x86.ActiveCfg = Debug|x86
		{34DCC643-9CF6-4AAF-8F5B-849138F3888F}.Debug - Trial|x86.Build.0 = Debug|x86
		{34DCC643-9CF6-4AAF-8F5B-849138F3888F}.Debug - Trial|Xbox 360.ActiveCfg = Debug|x86
		{34DCC643-9CF6-4AAF-8F5B-849138F3888F}.Debug|Any CPU.ActiveCfg = Debug|x86
		{34DCC643-9CF6-4AAF-8F5B-849138F3888F}.Debug|Mixed Platforms.ActiveCfg = Debug|x86
		{34DCC643-9CF6-4AAF-8F5B-849138F3888F}.Debug|Mixed Platforms.Build.0 = Debug|x86
		{34DCC643-9CF6-4AAF-8F5B-849138F3888F}.Debug|Windows Phone.ActiveCfg = Debug|x86
		{34DCC643-9CF6-4AAF-8F5B-849138F3888F}.Debug|Windows Phone.Build.0 = Debug|x86
		{34DCC643-9CF6-4AAF-8F5B-849138F3888F}.Debug|x86.ActiveCfg = Debug|x86
		{34DCC643-9CF6-4AAF-8F5B-849138F3888F}.Debug|Xbox 360.ActiveCfg = Debug|x86
		{34DCC643-9CF6-4AAF-8F5B-849138F3888F}.Release - Trial|Any CPU.ActiveCfg = Release|x86
		{34DCC643-9CF6-4AAF-8F5B-849138F3888F}.Release - Trial|Mixed Platforms.ActiveCfg = Release|x86
		{34DCC643-9CF6-4AAF-8F5B-849138F3888F}.Release - Trial|Mixed Platforms.Build.0 = Release|x86
		{34DCC643-9CF6-4AAF-8F5B-849138F3888F}.Release - Trial|Windows Phone.ActiveCfg = Release|x86
		{34DCC643-9CF6-4AAF-8F5B-849138F3888F}.Release - Trial|Windows Phone.Build.0 = Release|x86
		{34DCC643-9CF6-4AAF-8F5B-849138F3888F}.Release - Trial|x86.ActiveCfg = Release|x86
		{34DCC643-9CF6-4AAF-8F5B-849138F3888F}.Release - Trial|x86.Build.0 = Release|x86
		{34DCC643-9CF6-4AAF-8F5B-849138F3888F}.Release - Trial|Xbox 360.ActiveCfg = Release|x86
		{34DCC643-9CF6-4AAF-8F5B-849138F3888F}.Release|Any CPU.ActiveCfg = Release|x86
		{34DCC643-9CF6-4AAF-8F5B-849138F3888F}.Release|Mixed Platforms.ActiveCfg = Release|x86
		{34DCC643-9CF6-4AAF-8F5B-849138F3888F}.Release|Mixed Platforms.Build.0 = Release|x86
		{34DCC643-9CF6-4AAF-8F5B-849138F3888F}.Release|Windows Phone.ActiveCfg = Release|x86
		{34DCC643-9CF6-4AAF-8F5B-849138F3888F}.Release|Windows Phone.Build.0 = Release|x86
		{34DCC643-9CF6-4AAF-8F5B-849138F3888F}.Release|x86.ActiveCfg = Release|x86
		{34DCC643-9CF6-4AAF-8F5B-849138F3888F}.Release|x86.Build.0 = Release|x86
		{34DCC643-9CF6-4AAF-8F5B-849138F3888F}.Release|Xbox 360.ActiveCfg = Release|x86
		{9EDDAE20-5940-4CEB-825C-AFAE694B43BA}.Debug - Trial|Any CPU.ActiveCfg = Debug|x86
		{9EDDAE20-5940-4CEB-825C-AFAE694B43BA}.Debug - Trial|Mixed Platforms.ActiveCfg = Debug|x86
		{9EDDAE20-5940-4CEB-825C-AFAE694B43BA}.Debug - Trial|Mixed Platforms.Build.0 = Debug|x86
		{9EDDAE20-5940-4CEB-825C-AFAE694B43BA}.Debug - Trial|Windows Phone.ActiveCfg = Debug|x86
		{9EDDAE20-5940-4CEB-825C-AFAE694B43BA}.Debug - Trial|Windows Phone.Build.0 = Debug|x86
		{9EDDAE20-5940-4CEB-825C-AFAE694B43BA}.Debug - Trial|x86.ActiveCfg = Debug|x86
		{9EDDAE20-5940-4CEB-825C-AFAE694B43BA}.Debug - Trial|x86.Build.0 = Debug|x86
		{9EDDAE20-5940-4CEB-825C-AFAE694B43BA}.Debug - Trial|Xbox 360.ActiveCfg = Debug|x86
		{9EDDAE20-5940-4CEB-825C-AFAE694B43BA}.Debug|Any CPU.ActiveCfg = Debug|x86
		{9EDDAE20-5940-4CEB-825C-AFAE694B43BA}.Debug|Mixed Platforms.ActiveCfg = Debug|x86
		{9EDDAE20-5940-4CEB-825C-AFAE694B43BA}.Debug|Mixed Platforms.Build.0 = Debug|x86
		{9EDDAE20-5940-4CEB-825C-AFAE694B43BA}.Debug|Windows Phone.ActiveCfg = Debug|x86
		{9EDDAE20-5940-4CEB-825C-AFAE694B43BA}.Debug|Windows Phone.Build.0 = Debug|x86
		{9EDDAE20-5940-4CEB-825C-AFAE694B43BA}.Debug|x86.ActiveCfg = Debug|x86
		{9EDDAE20-5940-4CEB-825C-AFAE694B43BA}.Debug|x86.Build.0 = Debug|x86
		{9EDDAE20-5940-4CEB-825C-AFAE694B43BA}.Debug|Xbox 360.ActiveCfg = Debug|x86
		{9EDDAE20-5940-4CEB-825C-AFAE694B43BA}.Release - Trial|Any CPU.ActiveCfg = Release|x86
		{9EDDAE20-5940-4CEB-825C-AFAE694B43BA}.Release - Trial|Mixed Platforms.ActiveCfg = Release|x86
		{9EDDAE20-5940-4CEB-825C-AFAE694B43BA}.Release - Trial|Mixed Platforms.Build.0 = Release|x86
		{9EDDAE20-5940-4CEB-825C-AFAE694B43BA}.Release - Trial|Windows Phone.ActiveCfg = Release|x86
		{9EDDAE20-5940-4CEB-825C-AFAE694B43BA}.Release - Trial|Windows Phone.Build.0 = Release|x86
		{9EDDAE20-5940-4CEB-825C-AFAE694B43BA}.Release - Trial|x86.ActiveCfg = Release|x86
		{9EDDAE20-5940-4CEB-825C-AFAE694B43BA}.Release - Trial|x86.Build.0 = Release|x86
		{9EDDAE20-5940-4CEB-825C-AFAE694B43BA}.Release - Trial|Xbox 360.ActiveCfg = Release|x86
		{9EDDAE20-5940-4CEB-825C-AFAE694B43BA}.Release|Any CPU.ActiveCfg = Release|x86
		{9EDDAE20-5940-4CEB-825C-AFAE694B43BA}.Release|Mixed Platforms.ActiveCfg = Release|x86
		{9EDDAE20-5940-4CEB-825C-AFAE694B43BA}.Release|Mixed Platforms.Build.0 = Release|x86
		{9EDDAE20-5940-4CEB-825C-AFAE694B43BA}.Release|Windows Phone.ActiveCfg = Release|x86
		{9EDDAE20-5940-4CEB-825C-AFAE694B43BA}.Release|Windows Phone.Build.0 = Release|x86
		{9EDDAE20-5940-4CEB-825C-AFAE694B43BA}.Release|x86.ActiveCfg = Release|x86
		{9EDDAE20-5940-4CEB-825C-AFAE694B43BA}.Release|x86.Build.0 = Release|x86
		{9EDDAE20-5940-4CEB-825C-AFAE694B43BA}.Release|Xbox 360.ActiveCfg = Release|x86
		{3EFFFA93-3243-40E3-9670-A77E767674A1}.Debug - Trial|Any CPU.ActiveCfg = Debug|Xbox 360
		{3EFFFA93-3243-40E3-9670-A77E767674A1}.Debug - Trial|Mixed Platforms.ActiveCfg = Debug|Xbox 360
		{3EFFFA93-3243-40E3-9670-A77E767674A1}.Debug - Trial|Mixed Platforms.Build.0 = Debug|Xbox 360
		{3EFFFA93-3243-40E3-9670-A77E767674A1}.Debug - Trial|Windows Phone.ActiveCfg = Debug|Xbox 360
		{3EFFFA93-3243-40E3-9670-A77E767674A1}.Debug - Trial|Windows Phone.Build.0 = Debug|Xbox 360
		{3EFFFA93-3243-40E3-9670-A77E767674A1}.Debug - Trial|x86.ActiveCfg = Debug|Xbox 360
		{3EFFFA93-3243-40E3-9670-A77E767674A1}.Debug - Trial|Xbox 360.ActiveCfg = Debug|Xbox 360
		{3EFFFA93-3243-40E3-9670-A77E767674A1}.Debug - Trial|Xbox 360.Build.0 = Debug|Xbox 360
		{3EFFFA93-3243-40E3-9670-A77E767674A1}.Debug|Any CPU.ActiveCfg = Debug|Xbox 360
		{3EFFFA93-3243-40E3-9670-A77E767674A1}.Debug|Mixed Platforms.ActiveCfg = Debug|Xbox 360
		{3EFFFA93-3243-40E3-9670-A77E767674A1}.Debug|Mixed Platforms.Build.0 = Debug|Xbox 360
		{3EFFFA93-3243-40E3-9670-A77E767674A1}.Debug|Windows Phone.ActiveCfg = Debug|Xbox 360
		{3EFFFA93-3243-40E3-9670-A77E767674A1}.Debug|Windows Phone.Build.0 = Debug|Xbox 360
		{3EFFFA93-3243-40E3-9670-A77E767674A1}.Debug|x86.ActiveCfg = Debug|Xbox 360
		{3EFFFA93-3243-40E3-9670-A77E767674A1}.Debug|Xbox 360.ActiveCfg = Debug|Xbox 360
		{3EFFFA93-3243-40E3-9670-A77E767674A1}.Debug|Xbox 360.Build.0 = Debug|Xbox 360
		{3EFFFA93-3243-40E3-9670-A77E767674A1}.Release - Trial|Any CPU.ActiveCfg = Release|Xbox 360
		{3EFFFA93-3243-40E3-9670-A77E767674A1}.Release - Trial|Mixed Platforms.ActiveCfg = Release|Xbox 360
		{3EFFFA93-3243-40E3-9670-A77E767674A1}.Release - Trial|Mixed Platforms.Build.0 = Release|Xbox 360
		{3EFFFA93-3243-40E3-9670-A77E767674A1}.Release - Trial|Windows Phone.ActiveCfg = Release|Xbox 360
		{3EFFFA93-3243-40E3-9670-A77E767674A1}.Release - Trial|Windows Phone.Build.0 = Release|Xbox 360
		{3EFFFA93-3243-40E3-9670-A77E767674A1}.Release - Trial|x86.ActiveCfg = Release|Xbox 360
		{3EFFFA93-3243-40E3-9670-A77E767674A1}.Release - Trial|Xbox 360.ActiveCfg = Release|Xbox 360
		{3EFFFA93-3243-40E3-9670-A77E767674A1}.Release - Trial|Xbox 360.Build.0 = Release|Xbox 360
		{3EFFFA93-3243-40E3-9670-A77E767674A1}.Release|Any CPU.ActiveCfg = Release|Xbox 360
		{3EFFFA93-3243-40E3-9670-A77E767674A1}.Release|Mixed Platforms.ActiveCfg = Release|Xbox 360
		{3EFFFA93-3243-40E3-9670-A77E767674A1}.Release|Mixed Platforms.Build.0 = Release|Xbox 360
		{3EFFFA93-3243-40E3-9670-A77E767674A1}.Release|Windows Phone.ActiveCfg = Release|Xbox 360
		{3EFFFA93-3243-40E3-9670-A77E767674A1}.Release|Windows Phone.Build.0 = Release|Xbox 360
		{3EFFFA93-3243-40E3-9670-A77E767674A1}.Release|x86.ActiveCfg = Release|Xbox 360
		{3EFFFA93-3243-40E3-9670-A77E767674A1}.Release|Xbox 360.ActiveCfg = Release|Xbox 360
		{3EFFFA93-3243-40E3-9670-A77E767674A1}.Release|Xbox 360.Build.0 = Release|Xbox 360
		{0D8EF78B-1ACA-4E0F-9AA2-2AF2E6BC4526}.Debug - Trial|Any CPU.ActiveCfg = Debug|Xbox 360
		{0D8EF78B-1ACA-4E0F-9AA2-2AF2E6BC4526}.Debug - Trial|Mixed Platforms.ActiveCfg = Debug|Xbox 360
		{0D8EF78B-1ACA-4E0F-9AA2-2AF2E6BC4526}.Debug - Trial|Mixed Platforms.Build.0 = Debug|Xbox 360
		{0D8EF78B-1ACA-4E0F-9AA2-2AF2E6BC4526}.Debug - Trial|Windows Phone.ActiveCfg = Debug|Xbox 360
		{0D8EF78B-1ACA-4E0F-9AA2-2AF2E6BC4526}.Debug - Trial|Windows Phone.Build.0 = Debug|Xbox 360
		{0D8EF78B-1ACA-4E0F-9AA2-2AF2E6BC4526}.Debug - Trial|x86.ActiveCfg = Debug|Xbox 360
		{0D8EF78B-1ACA-4E0F-9AA2-2AF2E6BC4526}.Debug - Trial|Xbox 360.ActiveCfg = Debug|Xbox 360
		{0D8EF78B-1ACA-4E0F-9AA2-2AF2E6BC4526}.Debug - Trial|Xbox 360.Build.0 = Debug|Xbox 360
		{0D8EF78B-1ACA-4E0F-9AA2-2AF2E6BC4526}.Debug|Any CPU.ActiveCfg = Debug|Xbox 360
		{0D8EF78B-1ACA-4E0F-9AA2-2AF2E6BC4526}.Debug|Mixed Platforms.ActiveCfg = Debug|Xbox 360
		{0D8EF78B-1ACA-4E0F-9AA2-2AF2E6BC4526}.Debug|Mixed Platforms.Build.0 = Debug|Xbox 360
		{0D8EF78B-1ACA-4E0F-9AA2-2AF2E6BC4526}.Debug|Windows Phone.ActiveCfg = Debug|Xbox 360
		{0D8EF78B-1ACA-4E0F-9AA2-2AF2E6BC4526}.Debug|Windows Phone.Build.0 = Debug|Xbox 360
		{0D8EF78B-1ACA-4E0F-9AA2-2AF2E6BC4526}.Debug|x86.ActiveCfg = Debug|Xbox 360
		{0D8EF78B-1ACA-4E0F-9AA2-2AF2E6BC4526}.Debug|Xbox 360.ActiveCfg = Debug|Xbox 360
		{0D8EF78B-1ACA-4E0F-9AA2-2AF2E6BC4526}.Debug|Xbox 360.Build.0 = Debug|Xbox 360
		{0D8EF78B-1ACA-4E0F-9AA2-2AF2E6BC4526}.Release - Trial|Any CPU.ActiveCfg = Release|Xbox 360
		{0D8EF78B-1ACA-4E0F-9AA2-2AF2E6BC4526}.Release - Trial|Mixed Platforms.ActiveCfg = Release|Xbox 360
		{0D8EF78B-1ACA-4E0F-9AA2-2AF2E6BC4526}.Release - Trial|Mixed Platforms.Build.0 = Release|Xbox 360
		{0D8EF78B-1ACA-4E0F-9AA2-2AF2E6BC4526}.Release - Trial|Windows Phone.ActiveCfg = Release|Xbox 360
		{0D8EF78B-1ACA-4E0F-9AA2-2AF2E6BC4526}.Release - Trial|Windows Phone.Build.0 = Release|Xbox 360
		{0D8EF78B-1ACA-4E0F-9AA2-2AF2E6BC4526}.Release - Trial|x86.ActiveCfg = Release|Xbox 360
		{0D8EF78B-1ACA-4E0F-9AA2-2AF2E6BC4526}.Release - Trial|Xbox 360.ActiveCfg = Release|Xbox 360
		{0D8EF78B-1ACA-4E0F-9AA2-2AF2E6BC4526}.Release - Trial|Xbox 360.Build.0 = Release|Xbox 360
		{0D8EF78B-1ACA-4E0F-9AA2-2AF2E6BC4526}.Release|Any CPU.ActiveCfg = Release|Xbox 360
		{0D8EF78B-1ACA-4E0F-9AA2-2AF2E6BC4526}.Release|Mixed Platforms.ActiveCfg = Release|Xbox 360
		{0D8EF78B-1ACA-4E0F-9AA2-2AF2E6BC4526}.Release|Mixed Platforms.Build.0 = Release|Xbox 360
		{0D8EF78B-1ACA-4E0F-9AA2-2AF2E6BC4526}.Release|Windows Phone.ActiveCfg = Release|Xbox 360
		{0D8EF78B-1ACA-4E0F-9AA2-2AF2E6BC4526}.Release|Windows Phone.Build.0 = Release|Xbox 360
		{0D8EF78B-1ACA-4E0F-9AA2-2AF2E6BC4526}.Release|x86.ActiveCfg = Release|Xbox 360
		{0D8EF78B-1ACA-4E0F-9AA2-2AF2E6BC4526}.Release|Xbox 360.ActiveCfg = Release|Xbox 360
		{0D8EF78B-1ACA-4E0F-9AA2-2AF2E6BC4526}.Release|Xbox 360.Build.0 = Release|Xbox 360
		{0FE74F34-7F76-429D-8FEA-95148F1557D2}.Debug - Trial|Any CPU.ActiveCfg = Debug|Windows Phone
		{0FE74F34-7F76-429D-8FEA-95148F1557D2}.Debug - Trial|Mixed Platforms.ActiveCfg = Debug|Windows Phone
		{0FE74F34-7F76-429D-8FEA-95148F1557D2}.Debug - Trial|Mixed Platforms.Build.0 = Debug|Windows Phone
		{0FE74F34-7F76-429D-8FEA-95148F1557D2}.Debug - Trial|Windows Phone.ActiveCfg = Debug|Windows Phone
		{0FE74F34-7F76-429D-8FEA-95148F1557D2}.Debug - Trial|Windows Phone.Build.0 = Debug|Windows Phone
		{0FE74F34-7F76-429D-8FEA-95148F1557D2}.Debug - Trial|x86.ActiveCfg = Debug|Windows Phone
		{0FE74F34-7F76-429D-8FEA-95148F1557D2}.Debug - Trial|Xbox 360.ActiveCfg = Debug|Windows Phone
		{0FE74F34-7F76-429D-8FEA-95148F1557D2}.Debug|Any CPU.ActiveCfg = Debug|Windows Phone
		{0FE74F34-7F76-429D-8FEA-95148F1557D2}.Debug|Mixed Platforms.ActiveCfg = Debug|Windows Phone
		{0FE74F34-7F76-429D-8FEA-95148F1557D2}.Debug|Mixed Platforms.Build.0 = Debug|Windows Phone
		{0FE74F34-7F76-429D-8FEA-95148F1557D2}.Debug|Windows Phone.ActiveCfg = Debug|Windows Phone
		{0FE74F34-7F76-429D-8FEA-95148F1557D2}.Debug|Windows Phone.Build.0 = Debug|Windows Phone
		{0FE74F34-7F76-429D-8FEA-95148F1557D2}.Debug|x86.ActiveCfg = Debug|Windows Phone
		{0FE74F34-7F76-429D-8FEA-95148F1557D2}.Debug|Xbox 360.ActiveCfg = Debug|Windows Phone
		{0FE74F34-7F76-429D-8FEA-95148F1557D2}.Release - Trial|Any CPU.ActiveCfg = Release|Windows Phone
		{0FE74F34-7F76-429D-8FEA-95148F1557D2}.Release - Trial|Mixed Platforms.ActiveCfg = Release|Windows Phone
		{0FE74F34-7F76-429D-8FEA-95148F1557D2}.Release - Trial|Mixed Platforms.Build.0 = Release|Windows Phone
		{0FE74F34-7F76-429D-8FEA-95148F1557D2}.Release - Trial|Windows Phone.ActiveCfg = Release|Windows Phone
		{0FE74F34-7F76-429D-8FEA-95148F1557D2}.Release - Trial|Windows Phone.Build.0 = Release|Windows Phone
		{0FE74F34-7F76-429D-8FEA-95148F1557D2}.Release - Trial|x86.ActiveCfg = Release|Windows Phone
		{0FE74F34-7F76-429D-8FEA-95148F1557D2}.Release - Trial|Xbox 360.ActiveCfg = Release|Windows Phone
		{0FE74F34-7F76-429D-8FEA-95148F1557D2}.Release|Any CPU.ActiveCfg = Release|Windows Phone
		{0FE74F34-7F76-429D-8FEA-95148F1557D2}.Release|Mixed Platforms.ActiveCfg = Release|Windows Phone
		{0FE74F34-7F76-429D-8FEA-95148F1557D2}.Release|Mixed Platforms.Build.0 = Release|Windows Phone
		{0FE74F34-7F76-429D-8FEA-95148F1557D2}.Release|Windows Phone.ActiveCfg = Release|Windows Phone
		{0FE74F34-7F76-429D-8FEA-95148F1557D2}.Release|Windows Phone.Build.0 = Release|Windows Phone
		{0FE74F34-7F76-429D-8FEA-95148F1557D2}.Release|x86.ActiveCfg = Release|Windows Phone
		{0FE74F34-7F76-429D-8FEA-95148F1557D2}.Release|Xbox 360.ActiveCfg = Release|Windows Phone
		{986BDF19-7EE7-4FEF-8A68-31AECAE72CA7}.Debug - Trial|Any CPU.ActiveCfg = Debug|Windows Phone
		{986BDF19-7EE7-4FEF-8A68-31AECAE72CA7}.Debug - Trial|Mixed Platforms.ActiveCfg = Debug|Windows Phone
		{986BDF19-7EE7-4FEF-8A68-31AECAE72CA7}.Debug - Trial|Mixed Platforms.Build.0 = Debug|Windows Phone
		{986BDF19-7EE7-4FEF-8A68-31AECAE72CA7}.Debug - Trial|Windows Phone.ActiveCfg = Debug|Windows Phone
		{986BDF19-7EE7-4FEF-8A68-31AECAE72CA7}.Debug - Trial|Windows Phone.Build.0 = Debug|Windows Phone
		{986BDF19-7EE7-4FEF-8A68-31AECAE72CA7}.Debug - Trial|x86.ActiveCfg = Debug|Windows Phone
		{986BDF19-7EE7-4FEF-8A68-31AECAE72CA7}.Debug - Trial|Xbox 360.ActiveCfg = Debug|Windows Phone
		{986BDF19-7EE7-4FEF-8A68-31AECAE72CA7}.Debug|Any CPU.ActiveCfg = Debug|Windows Phone
		{986BDF19-7EE7-4FEF-8A68-31AECAE72CA7}.Debug|Mixed Platforms.ActiveCfg = Debug|Windows Phone
		{986BDF19-7EE7-4FEF-8A68-31AECAE72CA7}.Debug|Mixed Platforms.Build.0 = Debug|Windows Phone
		{986BDF19-7EE7-4FEF-8A68-31AECAE72CA7}.Debug|Windows Phone.ActiveCfg = Debug|Windows Phone
		{986BDF19-7EE7-4FEF-8A68-31AECAE72CA7}.Debug|Windows Phone.Build.0 = Debug|Windows Phone
		{986BDF19-7EE7-4FEF-8A68-31AECAE72CA7}.Debug|x86.ActiveCfg = Debug|Windows Phone
		{986BDF19-7EE7-4FEF-8A68-31AECAE72CA7}.Debug|Xbox 360.ActiveCfg = Debug|Windows Phone
		{986BDF19-7EE7-4FEF-8A68-31AECAE72CA7}.Release - Trial|Any CPU.ActiveCfg = Release|Windows Phone
		{986BDF19-7EE7-4FEF-8A68-31AECAE72CA7}.Release - Trial|Mixed Platforms.ActiveCfg = Release|Windows Phone
		{986BDF19-7EE7-4FEF-8A68-31AECAE72CA7}.Release - Trial|Mixed Platforms.Build.0 = Release|Windows Phone
		{986BDF19-7EE7-4FEF-8A68-31AECAE72CA7}.Release - Trial|Windows Phone.ActiveCfg = Release|Windows Phone
		{986BDF19-7EE7-4FEF-8A68-31AECAE72CA7}.Release - Trial|Windows Phone.Build.0 = Release|Windows Phone
		{986BDF19-7EE7-4FEF-8A68-31AECAE72CA7}.Release - Trial|x86.ActiveCfg = Release|Windows Phone
		{986BDF19-7EE7-4FEF-8A68-31AECAE72CA7}.Release - Trial|Xbox 360.ActiveCfg = Release|Windows Phone
		{986BDF19-7EE7-4FEF-8A68-31AECAE72CA7}.Release|Any CPU.ActiveCfg = Release|Windows Phone
		{986BDF19-7EE7-4FEF-8A68-31AECAE72CA7}.Release|Mixed Platforms.ActiveCfg = Release|Windows Phone
		{986BDF19-7EE7-4FEF-8A68-31AECAE72CA7}.Release|Mixed Platforms.Build.0 = Release|Windows Phone
		{986BDF19-7EE7-4FEF-8A68-31AECAE72CA7}.Release|Windows Phone.ActiveCfg = Release|Windows Phone
		{986BDF19-7EE7-4FEF-8A68-31AECAE72CA7}.Release|Windows Phone.Build.0 = Release|Windows Phone
		{986BDF19-7EE7-4FEF-8A68-31AECAE72CA7}.Release|x86.ActiveCfg = Release|Windows Phone
		{986BDF19-7EE7-4FEF-8A68-31AECAE72CA7}.Release|Xbox 360.ActiveCfg = Release|Windows Phone
	EndGlobalSection
	GlobalSection(SolutionProperties) = preSolution
		HideSolutionNode = FALSE
	EndGlobalSection
EndGlobal
