
Microsoft Visual Studio Solution File, Format Version 10.00
# Visual C# Express 2008
Project("{FAE04EC0-301F-11D3-BF4B-00C04F79EFBC}") = "Win XML Maker", "RainingSundays.Utilities.XMLMaker\Win XML Maker.csproj", "{BBBA5DCE-C7F5-4EDE-8118-028E87AE6904}"
EndProject
Project("{FAE04EC0-301F-11D3-BF4B-00C04F79EFBC}") = "Win Commander", "TDA\Win Commander.csproj", "{FC697C05-69B7-46AE-A46C-9101D3C81E1C}"
EndProject
Project("{FAE04EC0-301F-11D3-BF4B-00C04F79EFBC}") = "Xbox Commander", "TDA\Xbox Commander.csproj", "{140359CB-8436-44BC-9886-3056A2C3A516}"
	ProjectSection(ProjectDependencies) = postProject
		{C3B4F513-2BB0-4F9F-82B7-E5C6B8822D0E} = {C3B4F513-2BB0-4F9F-82B7-E5C6B8822D0E}
	EndProjectSection
EndProject
Project("{FAE04EC0-301F-11D3-BF4B-00C04F79EFBC}") = "Win Objets", "TDA.Objets\Win Objets.csproj", "{1618F876-CA24-461F-866D-73C36FA3B7F4}"
EndProject
Project("{FAE04EC0-301F-11D3-BF4B-00C04F79EFBC}") = "Xbox Objets", "TDA.Objets\Xbox Objets.csproj", "{E4EF3AC4-59F6-47E6-8BCA-BD86DEBFF2F6}"
EndProject
Project("{FAE04EC0-301F-11D3-BF4B-00C04F79EFBC}") = "Win ProjectMercury", "Mercury Particle Engine\ProjectMercury.Windows\Win ProjectMercury.csproj", "{1E3FDDBD-A15F-42CF-A83E-754476079B30}"
EndProject
Project("{FAE04EC0-301F-11D3-BF4B-00C04F79EFBC}") = "Xbox ProjectMercury", "Mercury Particle Engine\ProjectMercury.Xbox\Xbox ProjectMercury.csproj", "{C3B4F513-2BB0-4F9F-82B7-E5C6B8822D0E}"
EndProject
Project("{FAE04EC0-301F-11D3-BF4B-00C04F79EFBC}") = "Win Core", "Core\Win Core.csproj", "{D6F32E4E-250E-4835-97FE-B8EBC7B405FC}"
EndProject
Project("{FAE04EC0-301F-11D3-BF4B-00C04F79EFBC}") = "Xbox Core", "Core\Xbox Core.csproj", "{992FA665-807F-413A-87FF-3650AE753EF3}"
EndProject
Global
	GlobalSection(SolutionConfigurationPlatforms) = preSolution
		Debug - GamePad|Mixed Platforms = Debug - GamePad|Mixed Platforms
		Debug - GamePad|x86 = Debug - GamePad|x86
		Debug - GamePad|Xbox 360 = Debug - GamePad|Xbox 360
		Debug - Manette|Mixed Platforms = Debug - Manette|Mixed Platforms
		Debug - Manette|x86 = Debug - Manette|x86
		Debug - Manette|Xbox 360 = Debug - Manette|Xbox 360
		Debug - Trial|Mixed Platforms = Debug - Trial|Mixed Platforms
		Debug - Trial|x86 = Debug - Trial|x86
		Debug - Trial|Xbox 360 = Debug - Trial|Xbox 360
		Debug|Mixed Platforms = Debug|Mixed Platforms
		Debug|x86 = Debug|x86
		Debug|Xbox 360 = Debug|Xbox 360
		Reference|Mixed Platforms = Reference|Mixed Platforms
		Reference|x86 = Reference|x86
		Reference|Xbox 360 = Reference|Xbox 360
		Release - Trial|Mixed Platforms = Release - Trial|Mixed Platforms
		Release - Trial|x86 = Release - Trial|x86
		Release - Trial|Xbox 360 = Release - Trial|Xbox 360
		Release|Mixed Platforms = Release|Mixed Platforms
		Release|x86 = Release|x86
		Release|Xbox 360 = Release|Xbox 360
		Utilities - XMLMaker|Mixed Platforms = Utilities - XMLMaker|Mixed Platforms
		Utilities - XMLMaker|x86 = Utilities - XMLMaker|x86
		Utilities - XMLMaker|Xbox 360 = Utilities - XMLMaker|Xbox 360
	EndGlobalSection
	GlobalSection(ProjectConfigurationPlatforms) = postSolution
		{BBBA5DCE-C7F5-4EDE-8118-028E87AE6904}.Debug - GamePad|Mixed Platforms.ActiveCfg = Debug - GamePad|Any CPU
		{BBBA5DCE-C7F5-4EDE-8118-028E87AE6904}.Debug - GamePad|Mixed Platforms.Build.0 = Debug - GamePad|Any CPU
		{BBBA5DCE-C7F5-4EDE-8118-028E87AE6904}.Debug - GamePad|x86.ActiveCfg = Debug - GamePad|Any CPU
		{BBBA5DCE-C7F5-4EDE-8118-028E87AE6904}.Debug - GamePad|Xbox 360.ActiveCfg = Debug - GamePad|Any CPU
		{BBBA5DCE-C7F5-4EDE-8118-028E87AE6904}.Debug - Manette|Mixed Platforms.ActiveCfg = Debug - Manette|Any CPU
		{BBBA5DCE-C7F5-4EDE-8118-028E87AE6904}.Debug - Manette|Mixed Platforms.Build.0 = Debug - Manette|Any CPU
		{BBBA5DCE-C7F5-4EDE-8118-028E87AE6904}.Debug - Manette|x86.ActiveCfg = Debug - Manette|Any CPU
		{BBBA5DCE-C7F5-4EDE-8118-028E87AE6904}.Debug - Manette|Xbox 360.ActiveCfg = Debug - Manette|Any CPU
		{BBBA5DCE-C7F5-4EDE-8118-028E87AE6904}.Debug - Trial|Mixed Platforms.ActiveCfg = Debug - Trial|Any CPU
		{BBBA5DCE-C7F5-4EDE-8118-028E87AE6904}.Debug - Trial|x86.ActiveCfg = Debug - Trial|Any CPU
		{BBBA5DCE-C7F5-4EDE-8118-028E87AE6904}.Debug - Trial|Xbox 360.ActiveCfg = Debug - Trial|Any CPU
		{BBBA5DCE-C7F5-4EDE-8118-028E87AE6904}.Debug|Mixed Platforms.ActiveCfg = Debug|Any CPU
		{BBBA5DCE-C7F5-4EDE-8118-028E87AE6904}.Debug|Mixed Platforms.Build.0 = Debug|Any CPU
		{BBBA5DCE-C7F5-4EDE-8118-028E87AE6904}.Debug|x86.ActiveCfg = Debug|Any CPU
		{BBBA5DCE-C7F5-4EDE-8118-028E87AE6904}.Debug|Xbox 360.ActiveCfg = Debug|Any CPU
		{BBBA5DCE-C7F5-4EDE-8118-028E87AE6904}.Reference|Mixed Platforms.ActiveCfg = Release|Any CPU
		{BBBA5DCE-C7F5-4EDE-8118-028E87AE6904}.Reference|Mixed Platforms.Build.0 = Release|Any CPU
		{BBBA5DCE-C7F5-4EDE-8118-028E87AE6904}.Reference|x86.ActiveCfg = Release|Any CPU
		{BBBA5DCE-C7F5-4EDE-8118-028E87AE6904}.Reference|Xbox 360.ActiveCfg = Release|Any CPU
		{BBBA5DCE-C7F5-4EDE-8118-028E87AE6904}.Release - Trial|Mixed Platforms.ActiveCfg = Release - Trial|Any CPU
		{BBBA5DCE-C7F5-4EDE-8118-028E87AE6904}.Release - Trial|x86.ActiveCfg = Release - Trial|Any CPU
		{BBBA5DCE-C7F5-4EDE-8118-028E87AE6904}.Release - Trial|Xbox 360.ActiveCfg = Release - Trial|Any CPU
		{BBBA5DCE-C7F5-4EDE-8118-028E87AE6904}.Release|Mixed Platforms.ActiveCfg = Release|Any CPU
		{BBBA5DCE-C7F5-4EDE-8118-028E87AE6904}.Release|Mixed Platforms.Build.0 = Release|Any CPU
		{BBBA5DCE-C7F5-4EDE-8118-028E87AE6904}.Release|x86.ActiveCfg = Release|Any CPU
		{BBBA5DCE-C7F5-4EDE-8118-028E87AE6904}.Release|Xbox 360.ActiveCfg = Release|Any CPU
		{BBBA5DCE-C7F5-4EDE-8118-028E87AE6904}.Utilities - XMLMaker|Mixed Platforms.ActiveCfg = Utilities - XMLMaker|Any CPU
		{BBBA5DCE-C7F5-4EDE-8118-028E87AE6904}.Utilities - XMLMaker|Mixed Platforms.Build.0 = Utilities - XMLMaker|Any CPU
		{BBBA5DCE-C7F5-4EDE-8118-028E87AE6904}.Utilities - XMLMaker|x86.ActiveCfg = Utilities - XMLMaker|Any CPU
		{BBBA5DCE-C7F5-4EDE-8118-028E87AE6904}.Utilities - XMLMaker|x86.Build.0 = Utilities - XMLMaker|Any CPU
		{BBBA5DCE-C7F5-4EDE-8118-028E87AE6904}.Utilities - XMLMaker|Xbox 360.ActiveCfg = Utilities - XMLMaker|Any CPU
		{FC697C05-69B7-46AE-A46C-9101D3C81E1C}.Debug - GamePad|Mixed Platforms.ActiveCfg = Debug - GamePad|x86
		{FC697C05-69B7-46AE-A46C-9101D3C81E1C}.Debug - GamePad|Mixed Platforms.Build.0 = Debug - GamePad|x86
		{FC697C05-69B7-46AE-A46C-9101D3C81E1C}.Debug - GamePad|x86.ActiveCfg = Debug - GamePad|x86
		{FC697C05-69B7-46AE-A46C-9101D3C81E1C}.Debug - GamePad|x86.Build.0 = Debug - GamePad|x86
		{FC697C05-69B7-46AE-A46C-9101D3C81E1C}.Debug - GamePad|Xbox 360.ActiveCfg = Debug - GamePad|x86
		{FC697C05-69B7-46AE-A46C-9101D3C81E1C}.Debug - Manette|Mixed Platforms.ActiveCfg = Debug - Manette|x86
		{FC697C05-69B7-46AE-A46C-9101D3C81E1C}.Debug - Manette|Mixed Platforms.Build.0 = Debug - Manette|x86
		{FC697C05-69B7-46AE-A46C-9101D3C81E1C}.Debug - Manette|x86.ActiveCfg = Debug - Manette|x86
		{FC697C05-69B7-46AE-A46C-9101D3C81E1C}.Debug - Manette|x86.Build.0 = Debug - Manette|x86
		{FC697C05-69B7-46AE-A46C-9101D3C81E1C}.Debug - Manette|Xbox 360.ActiveCfg = Debug - Manette|x86
		{FC697C05-69B7-46AE-A46C-9101D3C81E1C}.Debug - Trial|Mixed Platforms.ActiveCfg = Debug - Trial|x86
		{FC697C05-69B7-46AE-A46C-9101D3C81E1C}.Debug - Trial|Mixed Platforms.Build.0 = Debug - Trial|x86
		{FC697C05-69B7-46AE-A46C-9101D3C81E1C}.Debug - Trial|x86.ActiveCfg = Debug - Trial|x86
		{FC697C05-69B7-46AE-A46C-9101D3C81E1C}.Debug - Trial|x86.Build.0 = Debug - Trial|x86
		{FC697C05-69B7-46AE-A46C-9101D3C81E1C}.Debug - Trial|Xbox 360.ActiveCfg = Debug - Trial|x86
		{FC697C05-69B7-46AE-A46C-9101D3C81E1C}.Debug|Mixed Platforms.ActiveCfg = Debug|x86
		{FC697C05-69B7-46AE-A46C-9101D3C81E1C}.Debug|Mixed Platforms.Build.0 = Debug|x86
		{FC697C05-69B7-46AE-A46C-9101D3C81E1C}.Debug|x86.ActiveCfg = Debug|x86
		{FC697C05-69B7-46AE-A46C-9101D3C81E1C}.Debug|x86.Build.0 = Debug|x86
		{FC697C05-69B7-46AE-A46C-9101D3C81E1C}.Debug|Xbox 360.ActiveCfg = Debug|x86
		{FC697C05-69B7-46AE-A46C-9101D3C81E1C}.Reference|Mixed Platforms.ActiveCfg = Release|x86
		{FC697C05-69B7-46AE-A46C-9101D3C81E1C}.Reference|Mixed Platforms.Build.0 = Release|x86
		{FC697C05-69B7-46AE-A46C-9101D3C81E1C}.Reference|x86.ActiveCfg = Release|x86
		{FC697C05-69B7-46AE-A46C-9101D3C81E1C}.Reference|x86.Build.0 = Release|x86
		{FC697C05-69B7-46AE-A46C-9101D3C81E1C}.Reference|Xbox 360.ActiveCfg = Release|x86
		{FC697C05-69B7-46AE-A46C-9101D3C81E1C}.Release - Trial|Mixed Platforms.ActiveCfg = Release - Trial|x86
		{FC697C05-69B7-46AE-A46C-9101D3C81E1C}.Release - Trial|Mixed Platforms.Build.0 = Release - Trial|x86
		{FC697C05-69B7-46AE-A46C-9101D3C81E1C}.Release - Trial|x86.ActiveCfg = Release - Trial|x86
		{FC697C05-69B7-46AE-A46C-9101D3C81E1C}.Release - Trial|x86.Build.0 = Release - Trial|x86
		{FC697C05-69B7-46AE-A46C-9101D3C81E1C}.Release - Trial|Xbox 360.ActiveCfg = Release - Trial|x86
		{FC697C05-69B7-46AE-A46C-9101D3C81E1C}.Release|Mixed Platforms.ActiveCfg = Release|x86
		{FC697C05-69B7-46AE-A46C-9101D3C81E1C}.Release|Mixed Platforms.Build.0 = Release|x86
		{FC697C05-69B7-46AE-A46C-9101D3C81E1C}.Release|x86.ActiveCfg = Release|x86
		{FC697C05-69B7-46AE-A46C-9101D3C81E1C}.Release|x86.Build.0 = Release|x86
		{FC697C05-69B7-46AE-A46C-9101D3C81E1C}.Release|Xbox 360.ActiveCfg = Release|x86
		{FC697C05-69B7-46AE-A46C-9101D3C81E1C}.Utilities - XMLMaker|Mixed Platforms.ActiveCfg = Debug - Manette|x86
		{FC697C05-69B7-46AE-A46C-9101D3C81E1C}.Utilities - XMLMaker|Mixed Platforms.Build.0 = Debug - Manette|x86
		{FC697C05-69B7-46AE-A46C-9101D3C81E1C}.Utilities - XMLMaker|x86.ActiveCfg = Release|x86
		{FC697C05-69B7-46AE-A46C-9101D3C81E1C}.Utilities - XMLMaker|Xbox 360.ActiveCfg = Release|x86
		{140359CB-8436-44BC-9886-3056A2C3A516}.Debug - GamePad|Mixed Platforms.ActiveCfg = Debug - GamePad|Xbox 360
		{140359CB-8436-44BC-9886-3056A2C3A516}.Debug - GamePad|Mixed Platforms.Build.0 = Debug - GamePad|Xbox 360
		{140359CB-8436-44BC-9886-3056A2C3A516}.Debug - GamePad|Mixed Platforms.Deploy.0 = Debug - GamePad|Xbox 360
		{140359CB-8436-44BC-9886-3056A2C3A516}.Debug - GamePad|x86.ActiveCfg = Debug - GamePad|Xbox 360
		{140359CB-8436-44BC-9886-3056A2C3A516}.Debug - GamePad|Xbox 360.ActiveCfg = Debug - GamePad|Xbox 360
		{140359CB-8436-44BC-9886-3056A2C3A516}.Debug - GamePad|Xbox 360.Build.0 = Debug - GamePad|Xbox 360
		{140359CB-8436-44BC-9886-3056A2C3A516}.Debug - GamePad|Xbox 360.Deploy.0 = Debug - GamePad|Xbox 360
		{140359CB-8436-44BC-9886-3056A2C3A516}.Debug - Manette|Mixed Platforms.ActiveCfg = Debug - Manette|Xbox 360
		{140359CB-8436-44BC-9886-3056A2C3A516}.Debug - Manette|Mixed Platforms.Build.0 = Debug - Manette|Xbox 360
		{140359CB-8436-44BC-9886-3056A2C3A516}.Debug - Manette|Mixed Platforms.Deploy.0 = Debug - Manette|Xbox 360
		{140359CB-8436-44BC-9886-3056A2C3A516}.Debug - Manette|x86.ActiveCfg = Debug - Manette|Xbox 360
		{140359CB-8436-44BC-9886-3056A2C3A516}.Debug - Manette|Xbox 360.ActiveCfg = Debug - Manette|Xbox 360
		{140359CB-8436-44BC-9886-3056A2C3A516}.Debug - Trial|Mixed Platforms.ActiveCfg = Debug - Trial|Xbox 360
		{140359CB-8436-44BC-9886-3056A2C3A516}.Debug - Trial|Mixed Platforms.Build.0 = Debug - Trial|Xbox 360
		{140359CB-8436-44BC-9886-3056A2C3A516}.Debug - Trial|Mixed Platforms.Deploy.0 = Debug - Trial|Xbox 360
		{140359CB-8436-44BC-9886-3056A2C3A516}.Debug - Trial|x86.ActiveCfg = Debug - Trial|Xbox 360
		{140359CB-8436-44BC-9886-3056A2C3A516}.Debug - Trial|Xbox 360.ActiveCfg = Debug - Trial|Xbox 360
		{140359CB-8436-44BC-9886-3056A2C3A516}.Debug - Trial|Xbox 360.Deploy.0 = Debug - Trial|Xbox 360
		{140359CB-8436-44BC-9886-3056A2C3A516}.Debug|Mixed Platforms.ActiveCfg = Debug|Xbox 360
		{140359CB-8436-44BC-9886-3056A2C3A516}.Debug|Mixed Platforms.Build.0 = Debug|Xbox 360
		{140359CB-8436-44BC-9886-3056A2C3A516}.Debug|Mixed Platforms.Deploy.0 = Debug|Xbox 360
		{140359CB-8436-44BC-9886-3056A2C3A516}.Debug|x86.ActiveCfg = Debug|Xbox 360
		{140359CB-8436-44BC-9886-3056A2C3A516}.Debug|Xbox 360.ActiveCfg = Debug|Xbox 360
		{140359CB-8436-44BC-9886-3056A2C3A516}.Debug|Xbox 360.Build.0 = Debug|Xbox 360
		{140359CB-8436-44BC-9886-3056A2C3A516}.Debug|Xbox 360.Deploy.0 = Debug|Xbox 360
		{140359CB-8436-44BC-9886-3056A2C3A516}.Reference|Mixed Platforms.ActiveCfg = Release|Xbox 360
		{140359CB-8436-44BC-9886-3056A2C3A516}.Reference|Mixed Platforms.Build.0 = Release|Xbox 360
		{140359CB-8436-44BC-9886-3056A2C3A516}.Reference|Mixed Platforms.Deploy.0 = Release|Xbox 360
		{140359CB-8436-44BC-9886-3056A2C3A516}.Reference|x86.ActiveCfg = Release|Xbox 360
		{140359CB-8436-44BC-9886-3056A2C3A516}.Reference|Xbox 360.ActiveCfg = Release|Xbox 360
		{140359CB-8436-44BC-9886-3056A2C3A516}.Reference|Xbox 360.Build.0 = Release|Xbox 360
		{140359CB-8436-44BC-9886-3056A2C3A516}.Reference|Xbox 360.Deploy.0 = Release|Xbox 360
		{140359CB-8436-44BC-9886-3056A2C3A516}.Release - Trial|Mixed Platforms.ActiveCfg = Release - Trial|Xbox 360
		{140359CB-8436-44BC-9886-3056A2C3A516}.Release - Trial|Mixed Platforms.Build.0 = Release - Trial|Xbox 360
		{140359CB-8436-44BC-9886-3056A2C3A516}.Release - Trial|Mixed Platforms.Deploy.0 = Release - Trial|Xbox 360
		{140359CB-8436-44BC-9886-3056A2C3A516}.Release - Trial|x86.ActiveCfg = Release - Trial|Xbox 360
		{140359CB-8436-44BC-9886-3056A2C3A516}.Release - Trial|Xbox 360.ActiveCfg = Release - Trial|Xbox 360
		{140359CB-8436-44BC-9886-3056A2C3A516}.Release - Trial|Xbox 360.Deploy.0 = Release - Trial|Xbox 360
		{140359CB-8436-44BC-9886-3056A2C3A516}.Release|Mixed Platforms.ActiveCfg = Release|Xbox 360
		{140359CB-8436-44BC-9886-3056A2C3A516}.Release|Mixed Platforms.Build.0 = Release|Xbox 360
		{140359CB-8436-44BC-9886-3056A2C3A516}.Release|Mixed Platforms.Deploy.0 = Release|Xbox 360
		{140359CB-8436-44BC-9886-3056A2C3A516}.Release|x86.ActiveCfg = Release|Xbox 360
		{140359CB-8436-44BC-9886-3056A2C3A516}.Release|Xbox 360.ActiveCfg = Release|Xbox 360
		{140359CB-8436-44BC-9886-3056A2C3A516}.Release|Xbox 360.Build.0 = Release|Xbox 360
		{140359CB-8436-44BC-9886-3056A2C3A516}.Release|Xbox 360.Deploy.0 = Release|Xbox 360
		{140359CB-8436-44BC-9886-3056A2C3A516}.Utilities - XMLMaker|Mixed Platforms.ActiveCfg = Debug - Manette|Xbox 360
		{140359CB-8436-44BC-9886-3056A2C3A516}.Utilities - XMLMaker|Mixed Platforms.Build.0 = Debug - Manette|Xbox 360
		{140359CB-8436-44BC-9886-3056A2C3A516}.Utilities - XMLMaker|Mixed Platforms.Deploy.0 = Debug - Manette|Xbox 360
		{140359CB-8436-44BC-9886-3056A2C3A516}.Utilities - XMLMaker|x86.ActiveCfg = Release|Xbox 360
		{140359CB-8436-44BC-9886-3056A2C3A516}.Utilities - XMLMaker|Xbox 360.ActiveCfg = Release|Xbox 360
		{1618F876-CA24-461F-866D-73C36FA3B7F4}.Debug - GamePad|Mixed Platforms.ActiveCfg = Debug - Manette|x86
		{1618F876-CA24-461F-866D-73C36FA3B7F4}.Debug - GamePad|Mixed Platforms.Build.0 = Debug - Manette|x86
		{1618F876-CA24-461F-866D-73C36FA3B7F4}.Debug - GamePad|x86.ActiveCfg = Debug - Manette|x86
		{1618F876-CA24-461F-866D-73C36FA3B7F4}.Debug - GamePad|x86.Build.0 = Debug - Manette|x86
		{1618F876-CA24-461F-866D-73C36FA3B7F4}.Debug - GamePad|Xbox 360.ActiveCfg = Debug - Manette|x86
		{1618F876-CA24-461F-866D-73C36FA3B7F4}.Debug - Manette|Mixed Platforms.ActiveCfg = Debug - Manette|x86
		{1618F876-CA24-461F-866D-73C36FA3B7F4}.Debug - Manette|Mixed Platforms.Build.0 = Debug - Manette|x86
		{1618F876-CA24-461F-866D-73C36FA3B7F4}.Debug - Manette|x86.ActiveCfg = Debug - Manette|x86
		{1618F876-CA24-461F-866D-73C36FA3B7F4}.Debug - Manette|Xbox 360.ActiveCfg = Debug - Manette|x86
		{1618F876-CA24-461F-866D-73C36FA3B7F4}.Debug - Trial|Mixed Platforms.ActiveCfg = Debug - Trial|x86
		{1618F876-CA24-461F-866D-73C36FA3B7F4}.Debug - Trial|Mixed Platforms.Build.0 = Debug - Trial|x86
		{1618F876-CA24-461F-866D-73C36FA3B7F4}.Debug - Trial|x86.ActiveCfg = Debug - Trial|x86
		{1618F876-CA24-461F-866D-73C36FA3B7F4}.Debug - Trial|x86.Build.0 = Debug - Trial|x86
		{1618F876-CA24-461F-866D-73C36FA3B7F4}.Debug - Trial|Xbox 360.ActiveCfg = Debug - Trial|x86
		{1618F876-CA24-461F-866D-73C36FA3B7F4}.Debug|Mixed Platforms.ActiveCfg = Debug|x86
		{1618F876-CA24-461F-866D-73C36FA3B7F4}.Debug|Mixed Platforms.Build.0 = Debug|x86
		{1618F876-CA24-461F-866D-73C36FA3B7F4}.Debug|x86.ActiveCfg = Debug|x86
		{1618F876-CA24-461F-866D-73C36FA3B7F4}.Debug|Xbox 360.ActiveCfg = Debug|x86
		{1618F876-CA24-461F-866D-73C36FA3B7F4}.Reference|Mixed Platforms.ActiveCfg = Release|x86
		{1618F876-CA24-461F-866D-73C36FA3B7F4}.Reference|Mixed Platforms.Build.0 = Release|x86
		{1618F876-CA24-461F-866D-73C36FA3B7F4}.Reference|x86.ActiveCfg = Release|x86
		{1618F876-CA24-461F-866D-73C36FA3B7F4}.Reference|x86.Build.0 = Release|x86
		{1618F876-CA24-461F-866D-73C36FA3B7F4}.Reference|Xbox 360.ActiveCfg = Release|x86
		{1618F876-CA24-461F-866D-73C36FA3B7F4}.Release - Trial|Mixed Platforms.ActiveCfg = Release - Trial|x86
		{1618F876-CA24-461F-866D-73C36FA3B7F4}.Release - Trial|Mixed Platforms.Build.0 = Release - Trial|x86
		{1618F876-CA24-461F-866D-73C36FA3B7F4}.Release - Trial|x86.ActiveCfg = Release - Trial|x86
		{1618F876-CA24-461F-866D-73C36FA3B7F4}.Release - Trial|x86.Build.0 = Release - Trial|x86
		{1618F876-CA24-461F-866D-73C36FA3B7F4}.Release - Trial|Xbox 360.ActiveCfg = Release - Trial|x86
		{1618F876-CA24-461F-866D-73C36FA3B7F4}.Release|Mixed Platforms.ActiveCfg = Release|x86
		{1618F876-CA24-461F-866D-73C36FA3B7F4}.Release|Mixed Platforms.Build.0 = Release|x86
		{1618F876-CA24-461F-866D-73C36FA3B7F4}.Release|x86.ActiveCfg = Release|x86
		{1618F876-CA24-461F-866D-73C36FA3B7F4}.Release|Xbox 360.ActiveCfg = Release|x86
		{1618F876-CA24-461F-866D-73C36FA3B7F4}.Utilities - XMLMaker|Mixed Platforms.ActiveCfg = Debug - Manette|x86
		{1618F876-CA24-461F-866D-73C36FA3B7F4}.Utilities - XMLMaker|Mixed Platforms.Build.0 = Debug - Manette|x86
		{1618F876-CA24-461F-866D-73C36FA3B7F4}.Utilities - XMLMaker|x86.ActiveCfg = Release|x86
		{1618F876-CA24-461F-866D-73C36FA3B7F4}.Utilities - XMLMaker|Xbox 360.ActiveCfg = Release|x86
		{E4EF3AC4-59F6-47E6-8BCA-BD86DEBFF2F6}.Debug - GamePad|Mixed Platforms.ActiveCfg = Debug - Manette|Xbox 360
		{E4EF3AC4-59F6-47E6-8BCA-BD86DEBFF2F6}.Debug - GamePad|Mixed Platforms.Build.0 = Debug - Manette|Xbox 360
		{E4EF3AC4-59F6-47E6-8BCA-BD86DEBFF2F6}.Debug - GamePad|x86.ActiveCfg = Debug - Manette|Xbox 360
		{E4EF3AC4-59F6-47E6-8BCA-BD86DEBFF2F6}.Debug - GamePad|Xbox 360.ActiveCfg = Debug - Manette|Xbox 360
		{E4EF3AC4-59F6-47E6-8BCA-BD86DEBFF2F6}.Debug - GamePad|Xbox 360.Build.0 = Debug - Manette|Xbox 360
		{E4EF3AC4-59F6-47E6-8BCA-BD86DEBFF2F6}.Debug - Manette|Mixed Platforms.ActiveCfg = Debug - Manette|Xbox 360
		{E4EF3AC4-59F6-47E6-8BCA-BD86DEBFF2F6}.Debug - Manette|Mixed Platforms.Build.0 = Debug - Manette|Xbox 360
		{E4EF3AC4-59F6-47E6-8BCA-BD86DEBFF2F6}.Debug - Manette|x86.ActiveCfg = Debug - Manette|Xbox 360
		{E4EF3AC4-59F6-47E6-8BCA-BD86DEBFF2F6}.Debug - Manette|Xbox 360.ActiveCfg = Debug - Manette|Xbox 360
		{E4EF3AC4-59F6-47E6-8BCA-BD86DEBFF2F6}.Debug - Trial|Mixed Platforms.ActiveCfg = Debug - Trial|Xbox 360
		{E4EF3AC4-59F6-47E6-8BCA-BD86DEBFF2F6}.Debug - Trial|Mixed Platforms.Build.0 = Debug - Trial|Xbox 360
		{E4EF3AC4-59F6-47E6-8BCA-BD86DEBFF2F6}.Debug - Trial|x86.ActiveCfg = Debug - Trial|Xbox 360
		{E4EF3AC4-59F6-47E6-8BCA-BD86DEBFF2F6}.Debug - Trial|Xbox 360.ActiveCfg = Debug - Trial|Xbox 360
		{E4EF3AC4-59F6-47E6-8BCA-BD86DEBFF2F6}.Debug|Mixed Platforms.ActiveCfg = Debug|Xbox 360
		{E4EF3AC4-59F6-47E6-8BCA-BD86DEBFF2F6}.Debug|Mixed Platforms.Build.0 = Debug|Xbox 360
		{E4EF3AC4-59F6-47E6-8BCA-BD86DEBFF2F6}.Debug|x86.ActiveCfg = Debug|Xbox 360
		{E4EF3AC4-59F6-47E6-8BCA-BD86DEBFF2F6}.Debug|Xbox 360.ActiveCfg = Debug|Xbox 360
		{E4EF3AC4-59F6-47E6-8BCA-BD86DEBFF2F6}.Debug|Xbox 360.Build.0 = Debug|Xbox 360
		{E4EF3AC4-59F6-47E6-8BCA-BD86DEBFF2F6}.Reference|Mixed Platforms.ActiveCfg = Release|Xbox 360
		{E4EF3AC4-59F6-47E6-8BCA-BD86DEBFF2F6}.Reference|Mixed Platforms.Build.0 = Release|Xbox 360
		{E4EF3AC4-59F6-47E6-8BCA-BD86DEBFF2F6}.Reference|x86.ActiveCfg = Release|Xbox 360
		{E4EF3AC4-59F6-47E6-8BCA-BD86DEBFF2F6}.Reference|Xbox 360.ActiveCfg = Release|Xbox 360
		{E4EF3AC4-59F6-47E6-8BCA-BD86DEBFF2F6}.Reference|Xbox 360.Build.0 = Release|Xbox 360
		{E4EF3AC4-59F6-47E6-8BCA-BD86DEBFF2F6}.Release - Trial|Mixed Platforms.ActiveCfg = Release - Trial|Xbox 360
		{E4EF3AC4-59F6-47E6-8BCA-BD86DEBFF2F6}.Release - Trial|Mixed Platforms.Build.0 = Release - Trial|Xbox 360
		{E4EF3AC4-59F6-47E6-8BCA-BD86DEBFF2F6}.Release - Trial|x86.ActiveCfg = Release - Trial|Xbox 360
		{E4EF3AC4-59F6-47E6-8BCA-BD86DEBFF2F6}.Release - Trial|Xbox 360.ActiveCfg = Release - Trial|Xbox 360
		{E4EF3AC4-59F6-47E6-8BCA-BD86DEBFF2F6}.Release|Mixed Platforms.ActiveCfg = Release|Xbox 360
		{E4EF3AC4-59F6-47E6-8BCA-BD86DEBFF2F6}.Release|Mixed Platforms.Build.0 = Release|Xbox 360
		{E4EF3AC4-59F6-47E6-8BCA-BD86DEBFF2F6}.Release|x86.ActiveCfg = Release|Xbox 360
		{E4EF3AC4-59F6-47E6-8BCA-BD86DEBFF2F6}.Release|Xbox 360.ActiveCfg = Release|Xbox 360
		{E4EF3AC4-59F6-47E6-8BCA-BD86DEBFF2F6}.Release|Xbox 360.Build.0 = Release|Xbox 360
		{E4EF3AC4-59F6-47E6-8BCA-BD86DEBFF2F6}.Utilities - XMLMaker|Mixed Platforms.ActiveCfg = Debug - Manette|Xbox 360
		{E4EF3AC4-59F6-47E6-8BCA-BD86DEBFF2F6}.Utilities - XMLMaker|Mixed Platforms.Build.0 = Debug - Manette|Xbox 360
		{E4EF3AC4-59F6-47E6-8BCA-BD86DEBFF2F6}.Utilities - XMLMaker|x86.ActiveCfg = Release|Xbox 360
		{E4EF3AC4-59F6-47E6-8BCA-BD86DEBFF2F6}.Utilities - XMLMaker|Xbox 360.ActiveCfg = Release|Xbox 360
		{1E3FDDBD-A15F-42CF-A83E-754476079B30}.Debug - GamePad|Mixed Platforms.ActiveCfg = Debug|x86
		{1E3FDDBD-A15F-42CF-A83E-754476079B30}.Debug - GamePad|Mixed Platforms.Build.0 = Debug|x86
		{1E3FDDBD-A15F-42CF-A83E-754476079B30}.Debug - GamePad|x86.ActiveCfg = Debug|x86
		{1E3FDDBD-A15F-42CF-A83E-754476079B30}.Debug - GamePad|x86.Build.0 = Debug|x86
		{1E3FDDBD-A15F-42CF-A83E-754476079B30}.Debug - GamePad|Xbox 360.ActiveCfg = Debug|x86
		{1E3FDDBD-A15F-42CF-A83E-754476079B30}.Debug - Manette|Mixed Platforms.ActiveCfg = Debug|x86
		{1E3FDDBD-A15F-42CF-A83E-754476079B30}.Debug - Manette|Mixed Platforms.Build.0 = Debug|x86
		{1E3FDDBD-A15F-42CF-A83E-754476079B30}.Debug - Manette|x86.ActiveCfg = Debug|x86
		{1E3FDDBD-A15F-42CF-A83E-754476079B30}.Debug - Manette|x86.Build.0 = Debug|x86
		{1E3FDDBD-A15F-42CF-A83E-754476079B30}.Debug - Manette|Xbox 360.ActiveCfg = Debug|x86
		{1E3FDDBD-A15F-42CF-A83E-754476079B30}.Debug - Trial|Mixed Platforms.ActiveCfg = Debug - Trial|x86
		{1E3FDDBD-A15F-42CF-A83E-754476079B30}.Debug - Trial|Mixed Platforms.Build.0 = Debug - Trial|x86
		{1E3FDDBD-A15F-42CF-A83E-754476079B30}.Debug - Trial|x86.ActiveCfg = Debug - Trial|x86
		{1E3FDDBD-A15F-42CF-A83E-754476079B30}.Debug - Trial|x86.Build.0 = Debug - Trial|x86
		{1E3FDDBD-A15F-42CF-A83E-754476079B30}.Debug - Trial|Xbox 360.ActiveCfg = Debug - Trial|x86
		{1E3FDDBD-A15F-42CF-A83E-754476079B30}.Debug|Mixed Platforms.ActiveCfg = Debug|x86
		{1E3FDDBD-A15F-42CF-A83E-754476079B30}.Debug|Mixed Platforms.Build.0 = Debug|x86
		{1E3FDDBD-A15F-42CF-A83E-754476079B30}.Debug|x86.ActiveCfg = Debug|x86
		{1E3FDDBD-A15F-42CF-A83E-754476079B30}.Debug|x86.Build.0 = Debug|x86
		{1E3FDDBD-A15F-42CF-A83E-754476079B30}.Debug|Xbox 360.ActiveCfg = Debug|x86
		{1E3FDDBD-A15F-42CF-A83E-754476079B30}.Reference|Mixed Platforms.ActiveCfg = Reference|x86
		{1E3FDDBD-A15F-42CF-A83E-754476079B30}.Reference|Mixed Platforms.Build.0 = Reference|x86
		{1E3FDDBD-A15F-42CF-A83E-754476079B30}.Reference|x86.ActiveCfg = Reference|x86
		{1E3FDDBD-A15F-42CF-A83E-754476079B30}.Reference|x86.Build.0 = Reference|x86
		{1E3FDDBD-A15F-42CF-A83E-754476079B30}.Reference|Xbox 360.ActiveCfg = Reference|x86
		{1E3FDDBD-A15F-42CF-A83E-754476079B30}.Release - Trial|Mixed Platforms.ActiveCfg = Release - Trial|x86
		{1E3FDDBD-A15F-42CF-A83E-754476079B30}.Release - Trial|Mixed Platforms.Build.0 = Release - Trial|x86
		{1E3FDDBD-A15F-42CF-A83E-754476079B30}.Release - Trial|x86.ActiveCfg = Release - Trial|x86
		{1E3FDDBD-A15F-42CF-A83E-754476079B30}.Release - Trial|x86.Build.0 = Release - Trial|x86
		{1E3FDDBD-A15F-42CF-A83E-754476079B30}.Release - Trial|Xbox 360.ActiveCfg = Release - Trial|x86
		{1E3FDDBD-A15F-42CF-A83E-754476079B30}.Release|Mixed Platforms.ActiveCfg = Release|x86
		{1E3FDDBD-A15F-42CF-A83E-754476079B30}.Release|Mixed Platforms.Build.0 = Release|x86
		{1E3FDDBD-A15F-42CF-A83E-754476079B30}.Release|x86.ActiveCfg = Release|x86
		{1E3FDDBD-A15F-42CF-A83E-754476079B30}.Release|x86.Build.0 = Release|x86
		{1E3FDDBD-A15F-42CF-A83E-754476079B30}.Release|Xbox 360.ActiveCfg = Release|x86
		{1E3FDDBD-A15F-42CF-A83E-754476079B30}.Utilities - XMLMaker|Mixed Platforms.ActiveCfg = Reference|x86
		{1E3FDDBD-A15F-42CF-A83E-754476079B30}.Utilities - XMLMaker|Mixed Platforms.Build.0 = Reference|x86
		{1E3FDDBD-A15F-42CF-A83E-754476079B30}.Utilities - XMLMaker|x86.ActiveCfg = Reference|x86
		{1E3FDDBD-A15F-42CF-A83E-754476079B30}.Utilities - XMLMaker|x86.Build.0 = Reference|x86
		{1E3FDDBD-A15F-42CF-A83E-754476079B30}.Utilities - XMLMaker|Xbox 360.ActiveCfg = Reference|x86
		{C3B4F513-2BB0-4F9F-82B7-E5C6B8822D0E}.Debug - GamePad|Mixed Platforms.ActiveCfg = Debug|Xbox 360
		{C3B4F513-2BB0-4F9F-82B7-E5C6B8822D0E}.Debug - GamePad|Mixed Platforms.Build.0 = Debug|Xbox 360
		{C3B4F513-2BB0-4F9F-82B7-E5C6B8822D0E}.Debug - GamePad|x86.ActiveCfg = Debug|Xbox 360
		{C3B4F513-2BB0-4F9F-82B7-E5C6B8822D0E}.Debug - GamePad|Xbox 360.ActiveCfg = Debug|Xbox 360
		{C3B4F513-2BB0-4F9F-82B7-E5C6B8822D0E}.Debug - GamePad|Xbox 360.Build.0 = Debug|Xbox 360
		{C3B4F513-2BB0-4F9F-82B7-E5C6B8822D0E}.Debug - Manette|Mixed Platforms.ActiveCfg = Debug|Xbox 360
		{C3B4F513-2BB0-4F9F-82B7-E5C6B8822D0E}.Debug - Manette|Mixed Platforms.Build.0 = Debug|Xbox 360
		{C3B4F513-2BB0-4F9F-82B7-E5C6B8822D0E}.Debug - Manette|x86.ActiveCfg = Debug|Xbox 360
		{C3B4F513-2BB0-4F9F-82B7-E5C6B8822D0E}.Debug - Manette|Xbox 360.ActiveCfg = Debug|Xbox 360
		{C3B4F513-2BB0-4F9F-82B7-E5C6B8822D0E}.Debug - Manette|Xbox 360.Build.0 = Debug|Xbox 360
		{C3B4F513-2BB0-4F9F-82B7-E5C6B8822D0E}.Debug - Trial|Mixed Platforms.ActiveCfg = Debug - Trial|Xbox 360
		{C3B4F513-2BB0-4F9F-82B7-E5C6B8822D0E}.Debug - Trial|Mixed Platforms.Build.0 = Debug - Trial|Xbox 360
		{C3B4F513-2BB0-4F9F-82B7-E5C6B8822D0E}.Debug - Trial|x86.ActiveCfg = Debug - Trial|Xbox 360
		{C3B4F513-2BB0-4F9F-82B7-E5C6B8822D0E}.Debug - Trial|Xbox 360.ActiveCfg = Debug - Trial|Xbox 360
		{C3B4F513-2BB0-4F9F-82B7-E5C6B8822D0E}.Debug|Mixed Platforms.ActiveCfg = Debug|Xbox 360
		{C3B4F513-2BB0-4F9F-82B7-E5C6B8822D0E}.Debug|Mixed Platforms.Build.0 = Debug|Xbox 360
		{C3B4F513-2BB0-4F9F-82B7-E5C6B8822D0E}.Debug|x86.ActiveCfg = Debug|Xbox 360
		{C3B4F513-2BB0-4F9F-82B7-E5C6B8822D0E}.Debug|Xbox 360.ActiveCfg = Debug|Xbox 360
		{C3B4F513-2BB0-4F9F-82B7-E5C6B8822D0E}.Debug|Xbox 360.Build.0 = Debug|Xbox 360
		{C3B4F513-2BB0-4F9F-82B7-E5C6B8822D0E}.Reference|Mixed Platforms.ActiveCfg = Reference|Xbox 360
		{C3B4F513-2BB0-4F9F-82B7-E5C6B8822D0E}.Reference|Mixed Platforms.Build.0 = Reference|Xbox 360
		{C3B4F513-2BB0-4F9F-82B7-E5C6B8822D0E}.Reference|x86.ActiveCfg = Reference|Xbox 360
		{C3B4F513-2BB0-4F9F-82B7-E5C6B8822D0E}.Reference|Xbox 360.ActiveCfg = Reference|Xbox 360
		{C3B4F513-2BB0-4F9F-82B7-E5C6B8822D0E}.Reference|Xbox 360.Build.0 = Reference|Xbox 360
		{C3B4F513-2BB0-4F9F-82B7-E5C6B8822D0E}.Release - Trial|Mixed Platforms.ActiveCfg = Release - Trial|Xbox 360
		{C3B4F513-2BB0-4F9F-82B7-E5C6B8822D0E}.Release - Trial|Mixed Platforms.Build.0 = Release - Trial|Xbox 360
		{C3B4F513-2BB0-4F9F-82B7-E5C6B8822D0E}.Release - Trial|x86.ActiveCfg = Release - Trial|Xbox 360
		{C3B4F513-2BB0-4F9F-82B7-E5C6B8822D0E}.Release - Trial|Xbox 360.ActiveCfg = Release - Trial|Xbox 360
		{C3B4F513-2BB0-4F9F-82B7-E5C6B8822D0E}.Release|Mixed Platforms.ActiveCfg = Release|Xbox 360
		{C3B4F513-2BB0-4F9F-82B7-E5C6B8822D0E}.Release|Mixed Platforms.Build.0 = Release|Xbox 360
		{C3B4F513-2BB0-4F9F-82B7-E5C6B8822D0E}.Release|x86.ActiveCfg = Release|Xbox 360
		{C3B4F513-2BB0-4F9F-82B7-E5C6B8822D0E}.Release|Xbox 360.ActiveCfg = Release|Xbox 360
		{C3B4F513-2BB0-4F9F-82B7-E5C6B8822D0E}.Release|Xbox 360.Build.0 = Release|Xbox 360
		{C3B4F513-2BB0-4F9F-82B7-E5C6B8822D0E}.Utilities - XMLMaker|Mixed Platforms.ActiveCfg = Reference|Xbox 360
		{C3B4F513-2BB0-4F9F-82B7-E5C6B8822D0E}.Utilities - XMLMaker|Mixed Platforms.Build.0 = Reference|Xbox 360
		{C3B4F513-2BB0-4F9F-82B7-E5C6B8822D0E}.Utilities - XMLMaker|x86.ActiveCfg = Reference|Xbox 360
		{C3B4F513-2BB0-4F9F-82B7-E5C6B8822D0E}.Utilities - XMLMaker|Xbox 360.ActiveCfg = Reference|Xbox 360
		{C3B4F513-2BB0-4F9F-82B7-E5C6B8822D0E}.Utilities - XMLMaker|Xbox 360.Build.0 = Reference|Xbox 360
		{D6F32E4E-250E-4835-97FE-B8EBC7B405FC}.Debug - GamePad|Mixed Platforms.ActiveCfg = Debug|x86
		{D6F32E4E-250E-4835-97FE-B8EBC7B405FC}.Debug - GamePad|Mixed Platforms.Build.0 = Debug|x86
		{D6F32E4E-250E-4835-97FE-B8EBC7B405FC}.Debug - GamePad|x86.ActiveCfg = Debug|x86
		{D6F32E4E-250E-4835-97FE-B8EBC7B405FC}.Debug - GamePad|x86.Build.0 = Debug|x86
		{D6F32E4E-250E-4835-97FE-B8EBC7B405FC}.Debug - GamePad|Xbox 360.ActiveCfg = Debug|x86
		{D6F32E4E-250E-4835-97FE-B8EBC7B405FC}.Debug - Manette|Mixed Platforms.ActiveCfg = Debug|x86
		{D6F32E4E-250E-4835-97FE-B8EBC7B405FC}.Debug - Manette|Mixed Platforms.Build.0 = Debug|x86
		{D6F32E4E-250E-4835-97FE-B8EBC7B405FC}.Debug - Manette|x86.ActiveCfg = Debug|x86
		{D6F32E4E-250E-4835-97FE-B8EBC7B405FC}.Debug - Manette|x86.Build.0 = Debug|x86
		{D6F32E4E-250E-4835-97FE-B8EBC7B405FC}.Debug - Manette|Xbox 360.ActiveCfg = Debug|x86
		{D6F32E4E-250E-4835-97FE-B8EBC7B405FC}.Debug - Trial|Mixed Platforms.ActiveCfg = Debug|x86
		{D6F32E4E-250E-4835-97FE-B8EBC7B405FC}.Debug - Trial|Mixed Platforms.Build.0 = Debug|x86
		{D6F32E4E-250E-4835-97FE-B8EBC7B405FC}.Debug - Trial|x86.ActiveCfg = Debug|x86
		{D6F32E4E-250E-4835-97FE-B8EBC7B405FC}.Debug - Trial|x86.Build.0 = Debug|x86
		{D6F32E4E-250E-4835-97FE-B8EBC7B405FC}.Debug - Trial|Xbox 360.ActiveCfg = Debug|x86
		{D6F32E4E-250E-4835-97FE-B8EBC7B405FC}.Debug|Mixed Platforms.ActiveCfg = Debug|x86
		{D6F32E4E-250E-4835-97FE-B8EBC7B405FC}.Debug|Mixed Platforms.Build.0 = Debug|x86
		{D6F32E4E-250E-4835-97FE-B8EBC7B405FC}.Debug|x86.ActiveCfg = Debug|x86
		{D6F32E4E-250E-4835-97FE-B8EBC7B405FC}.Debug|x86.Build.0 = Debug|x86
		{D6F32E4E-250E-4835-97FE-B8EBC7B405FC}.Debug|Xbox 360.ActiveCfg = Debug|x86
		{D6F32E4E-250E-4835-97FE-B8EBC7B405FC}.Reference|Mixed Platforms.ActiveCfg = Release|x86
		{D6F32E4E-250E-4835-97FE-B8EBC7B405FC}.Reference|Mixed Platforms.Build.0 = Release|x86
		{D6F32E4E-250E-4835-97FE-B8EBC7B405FC}.Reference|x86.ActiveCfg = Release|x86
		{D6F32E4E-250E-4835-97FE-B8EBC7B405FC}.Reference|x86.Build.0 = Release|x86
		{D6F32E4E-250E-4835-97FE-B8EBC7B405FC}.Reference|Xbox 360.ActiveCfg = Release|x86
		{D6F32E4E-250E-4835-97FE-B8EBC7B405FC}.Release - Trial|Mixed Platforms.ActiveCfg = Release|x86
		{D6F32E4E-250E-4835-97FE-B8EBC7B405FC}.Release - Trial|Mixed Platforms.Build.0 = Release|x86
		{D6F32E4E-250E-4835-97FE-B8EBC7B405FC}.Release - Trial|x86.ActiveCfg = Release|x86
		{D6F32E4E-250E-4835-97FE-B8EBC7B405FC}.Release - Trial|x86.Build.0 = Release|x86
		{D6F32E4E-250E-4835-97FE-B8EBC7B405FC}.Release - Trial|Xbox 360.ActiveCfg = Release|x86
		{D6F32E4E-250E-4835-97FE-B8EBC7B405FC}.Release|Mixed Platforms.ActiveCfg = Release|x86
		{D6F32E4E-250E-4835-97FE-B8EBC7B405FC}.Release|Mixed Platforms.Build.0 = Release|x86
		{D6F32E4E-250E-4835-97FE-B8EBC7B405FC}.Release|x86.ActiveCfg = Release|x86
		{D6F32E4E-250E-4835-97FE-B8EBC7B405FC}.Release|x86.Build.0 = Release|x86
		{D6F32E4E-250E-4835-97FE-B8EBC7B405FC}.Release|Xbox 360.ActiveCfg = Release|x86
		{D6F32E4E-250E-4835-97FE-B8EBC7B405FC}.Utilities - XMLMaker|Mixed Platforms.ActiveCfg = Release|x86
		{D6F32E4E-250E-4835-97FE-B8EBC7B405FC}.Utilities - XMLMaker|Mixed Platforms.Build.0 = Release|x86
		{D6F32E4E-250E-4835-97FE-B8EBC7B405FC}.Utilities - XMLMaker|x86.ActiveCfg = Release|x86
		{D6F32E4E-250E-4835-97FE-B8EBC7B405FC}.Utilities - XMLMaker|x86.Build.0 = Release|x86
		{D6F32E4E-250E-4835-97FE-B8EBC7B405FC}.Utilities - XMLMaker|Xbox 360.ActiveCfg = Release|x86
		{992FA665-807F-413A-87FF-3650AE753EF3}.Debug - GamePad|Mixed Platforms.ActiveCfg = Debug|Xbox 360
		{992FA665-807F-413A-87FF-3650AE753EF3}.Debug - GamePad|Mixed Platforms.Build.0 = Debug|Xbox 360
		{992FA665-807F-413A-87FF-3650AE753EF3}.Debug - GamePad|x86.ActiveCfg = Debug|Xbox 360
		{992FA665-807F-413A-87FF-3650AE753EF3}.Debug - GamePad|Xbox 360.ActiveCfg = Debug|Xbox 360
		{992FA665-807F-413A-87FF-3650AE753EF3}.Debug - GamePad|Xbox 360.Build.0 = Debug|Xbox 360
		{992FA665-807F-413A-87FF-3650AE753EF3}.Debug - Manette|Mixed Platforms.ActiveCfg = Debug|Xbox 360
		{992FA665-807F-413A-87FF-3650AE753EF3}.Debug - Manette|Mixed Platforms.Build.0 = Debug|Xbox 360
		{992FA665-807F-413A-87FF-3650AE753EF3}.Debug - Manette|x86.ActiveCfg = Debug|Xbox 360
		{992FA665-807F-413A-87FF-3650AE753EF3}.Debug - Manette|Xbox 360.ActiveCfg = Debug|Xbox 360
		{992FA665-807F-413A-87FF-3650AE753EF3}.Debug - Manette|Xbox 360.Build.0 = Debug|Xbox 360
		{992FA665-807F-413A-87FF-3650AE753EF3}.Debug - Trial|Mixed Platforms.ActiveCfg = Debug|Xbox 360
		{992FA665-807F-413A-87FF-3650AE753EF3}.Debug - Trial|Mixed Platforms.Build.0 = Debug|Xbox 360
		{992FA665-807F-413A-87FF-3650AE753EF3}.Debug - Trial|x86.ActiveCfg = Debug|Xbox 360
		{992FA665-807F-413A-87FF-3650AE753EF3}.Debug - Trial|Xbox 360.ActiveCfg = Debug|Xbox 360
		{992FA665-807F-413A-87FF-3650AE753EF3}.Debug - Trial|Xbox 360.Build.0 = Debug|Xbox 360
		{992FA665-807F-413A-87FF-3650AE753EF3}.Debug|Mixed Platforms.ActiveCfg = Debug|Xbox 360
		{992FA665-807F-413A-87FF-3650AE753EF3}.Debug|Mixed Platforms.Build.0 = Debug|Xbox 360
		{992FA665-807F-413A-87FF-3650AE753EF3}.Debug|x86.ActiveCfg = Debug|Xbox 360
		{992FA665-807F-413A-87FF-3650AE753EF3}.Debug|Xbox 360.ActiveCfg = Debug|Xbox 360
		{992FA665-807F-413A-87FF-3650AE753EF3}.Debug|Xbox 360.Build.0 = Debug|Xbox 360
		{992FA665-807F-413A-87FF-3650AE753EF3}.Reference|Mixed Platforms.ActiveCfg = Release|Xbox 360
		{992FA665-807F-413A-87FF-3650AE753EF3}.Reference|Mixed Platforms.Build.0 = Release|Xbox 360
		{992FA665-807F-413A-87FF-3650AE753EF3}.Reference|x86.ActiveCfg = Release|Xbox 360
		{992FA665-807F-413A-87FF-3650AE753EF3}.Reference|Xbox 360.ActiveCfg = Release|Xbox 360
		{992FA665-807F-413A-87FF-3650AE753EF3}.Reference|Xbox 360.Build.0 = Release|Xbox 360
		{992FA665-807F-413A-87FF-3650AE753EF3}.Release - Trial|Mixed Platforms.ActiveCfg = Release|Xbox 360
		{992FA665-807F-413A-87FF-3650AE753EF3}.Release - Trial|Mixed Platforms.Build.0 = Release|Xbox 360
		{992FA665-807F-413A-87FF-3650AE753EF3}.Release - Trial|x86.ActiveCfg = Release|Xbox 360
		{992FA665-807F-413A-87FF-3650AE753EF3}.Release - Trial|Xbox 360.ActiveCfg = Release|Xbox 360
		{992FA665-807F-413A-87FF-3650AE753EF3}.Release - Trial|Xbox 360.Build.0 = Release|Xbox 360
		{992FA665-807F-413A-87FF-3650AE753EF3}.Release|Mixed Platforms.ActiveCfg = Release|Xbox 360
		{992FA665-807F-413A-87FF-3650AE753EF3}.Release|Mixed Platforms.Build.0 = Release|Xbox 360
		{992FA665-807F-413A-87FF-3650AE753EF3}.Release|x86.ActiveCfg = Release|Xbox 360
		{992FA665-807F-413A-87FF-3650AE753EF3}.Release|Xbox 360.ActiveCfg = Release|Xbox 360
		{992FA665-807F-413A-87FF-3650AE753EF3}.Release|Xbox 360.Build.0 = Release|Xbox 360
		{992FA665-807F-413A-87FF-3650AE753EF3}.Utilities - XMLMaker|Mixed Platforms.ActiveCfg = Release|Xbox 360
		{992FA665-807F-413A-87FF-3650AE753EF3}.Utilities - XMLMaker|Mixed Platforms.Build.0 = Release|Xbox 360
		{992FA665-807F-413A-87FF-3650AE753EF3}.Utilities - XMLMaker|x86.ActiveCfg = Release|Xbox 360
		{992FA665-807F-413A-87FF-3650AE753EF3}.Utilities - XMLMaker|Xbox 360.ActiveCfg = Release|Xbox 360
		{992FA665-807F-413A-87FF-3650AE753EF3}.Utilities - XMLMaker|Xbox 360.Build.0 = Release|Xbox 360
		{20C507E8-6310-40BE-BD83-B1DE6C992276}.Debug - GamePad|Mixed Platforms.ActiveCfg = Debug - GamePad|x86
		{20C507E8-6310-40BE-BD83-B1DE6C992276}.Debug - GamePad|x86.ActiveCfg = Debug - GamePad|x86
		{20C507E8-6310-40BE-BD83-B1DE6C992276}.Debug - GamePad|Xbox 360.ActiveCfg = Debug - GamePad|x86
		{20C507E8-6310-40BE-BD83-B1DE6C992276}.Debug - Manette|Mixed Platforms.ActiveCfg = Debug - Manette|x86
		{20C507E8-6310-40BE-BD83-B1DE6C992276}.Debug - Manette|x86.ActiveCfg = Debug - Manette|x86
		{20C507E8-6310-40BE-BD83-B1DE6C992276}.Debug - Manette|Xbox 360.ActiveCfg = Debug - Manette|x86
		{20C507E8-6310-40BE-BD83-B1DE6C992276}.Debug - Trial|Mixed Platforms.ActiveCfg = Debug - Trial|x86
		{20C507E8-6310-40BE-BD83-B1DE6C992276}.Debug - Trial|x86.ActiveCfg = Debug - Trial|x86
		{20C507E8-6310-40BE-BD83-B1DE6C992276}.Debug - Trial|Xbox 360.ActiveCfg = Debug - Trial|x86
		{20C507E8-6310-40BE-BD83-B1DE6C992276}.Debug|Mixed Platforms.ActiveCfg = Debug|x86
		{20C507E8-6310-40BE-BD83-B1DE6C992276}.Debug|x86.ActiveCfg = Debug|x86
		{20C507E8-6310-40BE-BD83-B1DE6C992276}.Debug|Xbox 360.ActiveCfg = Debug|x86
		{20C507E8-6310-40BE-BD83-B1DE6C992276}.Reference|Mixed Platforms.ActiveCfg = Release|x86
		{20C507E8-6310-40BE-BD83-B1DE6C992276}.Reference|x86.ActiveCfg = Release|x86
		{20C507E8-6310-40BE-BD83-B1DE6C992276}.Reference|Xbox 360.ActiveCfg = Release|x86
		{20C507E8-6310-40BE-BD83-B1DE6C992276}.Release - Trial|Mixed Platforms.ActiveCfg = Release - Trial|x86
		{20C507E8-6310-40BE-BD83-B1DE6C992276}.Release - Trial|x86.ActiveCfg = Release - Trial|x86
		{20C507E8-6310-40BE-BD83-B1DE6C992276}.Release - Trial|Xbox 360.ActiveCfg = Release - Trial|x86
		{20C507E8-6310-40BE-BD83-B1DE6C992276}.Release|Mixed Platforms.ActiveCfg = Release|x86
		{20C507E8-6310-40BE-BD83-B1DE6C992276}.Release|x86.ActiveCfg = Release|x86
		{20C507E8-6310-40BE-BD83-B1DE6C992276}.Release|Xbox 360.ActiveCfg = Release|x86
		{20C507E8-6310-40BE-BD83-B1DE6C992276}.Utilities - XMLMaker|Mixed Platforms.ActiveCfg = Debug - Manette|x86
		{20C507E8-6310-40BE-BD83-B1DE6C992276}.Utilities - XMLMaker|x86.ActiveCfg = Debug - Manette|x86
		{20C507E8-6310-40BE-BD83-B1DE6C992276}.Utilities - XMLMaker|Xbox 360.ActiveCfg = Debug - Manette|x86
		{4FFC3384-C0F2-47F1-A074-7F834C50B6D1}.Debug - GamePad|Mixed Platforms.ActiveCfg = Debug - Manette|x86
		{4FFC3384-C0F2-47F1-A074-7F834C50B6D1}.Debug - GamePad|x86.ActiveCfg = Debug - Manette|x86
		{4FFC3384-C0F2-47F1-A074-7F834C50B6D1}.Debug - GamePad|Xbox 360.ActiveCfg = Debug - Manette|x86
		{4FFC3384-C0F2-47F1-A074-7F834C50B6D1}.Debug - Manette|Mixed Platforms.ActiveCfg = Debug - Manette|x86
		{4FFC3384-C0F2-47F1-A074-7F834C50B6D1}.Debug - Manette|x86.ActiveCfg = Debug - Manette|x86
		{4FFC3384-C0F2-47F1-A074-7F834C50B6D1}.Debug - Manette|Xbox 360.ActiveCfg = Debug - Manette|x86
		{4FFC3384-C0F2-47F1-A074-7F834C50B6D1}.Debug - Trial|Mixed Platforms.ActiveCfg = Debug - Trial|x86
		{4FFC3384-C0F2-47F1-A074-7F834C50B6D1}.Debug - Trial|x86.ActiveCfg = Debug - Trial|x86
		{4FFC3384-C0F2-47F1-A074-7F834C50B6D1}.Debug - Trial|Xbox 360.ActiveCfg = Debug - Trial|x86
		{4FFC3384-C0F2-47F1-A074-7F834C50B6D1}.Debug|Mixed Platforms.ActiveCfg = Debug|x86
		{4FFC3384-C0F2-47F1-A074-7F834C50B6D1}.Debug|x86.ActiveCfg = Debug|x86
		{4FFC3384-C0F2-47F1-A074-7F834C50B6D1}.Debug|Xbox 360.ActiveCfg = Debug|x86
		{4FFC3384-C0F2-47F1-A074-7F834C50B6D1}.Reference|Mixed Platforms.ActiveCfg = Release|x86
		{4FFC3384-C0F2-47F1-A074-7F834C50B6D1}.Reference|x86.ActiveCfg = Release|x86
		{4FFC3384-C0F2-47F1-A074-7F834C50B6D1}.Reference|Xbox 360.ActiveCfg = Release|x86
		{4FFC3384-C0F2-47F1-A074-7F834C50B6D1}.Release - Trial|Mixed Platforms.ActiveCfg = Release - Trial|x86
		{4FFC3384-C0F2-47F1-A074-7F834C50B6D1}.Release - Trial|x86.ActiveCfg = Release - Trial|x86
		{4FFC3384-C0F2-47F1-A074-7F834C50B6D1}.Release - Trial|Xbox 360.ActiveCfg = Release - Trial|x86
		{4FFC3384-C0F2-47F1-A074-7F834C50B6D1}.Release|Mixed Platforms.ActiveCfg = Release|x86
		{4FFC3384-C0F2-47F1-A074-7F834C50B6D1}.Release|x86.ActiveCfg = Release|x86
		{4FFC3384-C0F2-47F1-A074-7F834C50B6D1}.Release|Xbox 360.ActiveCfg = Release|x86
		{4FFC3384-C0F2-47F1-A074-7F834C50B6D1}.Utilities - XMLMaker|Mixed Platforms.ActiveCfg = Debug - Manette|x86
		{4FFC3384-C0F2-47F1-A074-7F834C50B6D1}.Utilities - XMLMaker|x86.ActiveCfg = Release|x86
		{4FFC3384-C0F2-47F1-A074-7F834C50B6D1}.Utilities - XMLMaker|Xbox 360.ActiveCfg = Release|x86
		{5438014F-5389-462A-88A1-E84923A79DA2}.Debug - GamePad|Mixed Platforms.ActiveCfg = Debug|x86
		{5438014F-5389-462A-88A1-E84923A79DA2}.Debug - GamePad|x86.ActiveCfg = Debug|x86
		{5438014F-5389-462A-88A1-E84923A79DA2}.Debug - GamePad|Xbox 360.ActiveCfg = Debug|x86
		{5438014F-5389-462A-88A1-E84923A79DA2}.Debug - Manette|Mixed Platforms.ActiveCfg = Debug|x86
		{5438014F-5389-462A-88A1-E84923A79DA2}.Debug - Manette|x86.ActiveCfg = Debug|x86
		{5438014F-5389-462A-88A1-E84923A79DA2}.Debug - Manette|Xbox 360.ActiveCfg = Debug|x86
		{5438014F-5389-462A-88A1-E84923A79DA2}.Debug - Trial|Mixed Platforms.ActiveCfg = Debug - Trial|x86
		{5438014F-5389-462A-88A1-E84923A79DA2}.Debug - Trial|x86.ActiveCfg = Debug - Trial|x86
		{5438014F-5389-462A-88A1-E84923A79DA2}.Debug - Trial|Xbox 360.ActiveCfg = Debug - Trial|x86
		{5438014F-5389-462A-88A1-E84923A79DA2}.Debug|Mixed Platforms.ActiveCfg = Debug|x86
		{5438014F-5389-462A-88A1-E84923A79DA2}.Debug|x86.ActiveCfg = Debug|x86
		{5438014F-5389-462A-88A1-E84923A79DA2}.Debug|Xbox 360.ActiveCfg = Debug|x86
		{5438014F-5389-462A-88A1-E84923A79DA2}.Reference|Mixed Platforms.ActiveCfg = Reference|x86
		{5438014F-5389-462A-88A1-E84923A79DA2}.Reference|x86.ActiveCfg = Reference|x86
		{5438014F-5389-462A-88A1-E84923A79DA2}.Reference|Xbox 360.ActiveCfg = Reference|x86
		{5438014F-5389-462A-88A1-E84923A79DA2}.Release - Trial|Mixed Platforms.ActiveCfg = Release - Trial|x86
		{5438014F-5389-462A-88A1-E84923A79DA2}.Release - Trial|x86.ActiveCfg = Release - Trial|x86
		{5438014F-5389-462A-88A1-E84923A79DA2}.Release - Trial|Xbox 360.ActiveCfg = Release - Trial|x86
		{5438014F-5389-462A-88A1-E84923A79DA2}.Release|Mixed Platforms.ActiveCfg = Release|x86
		{5438014F-5389-462A-88A1-E84923A79DA2}.Release|x86.ActiveCfg = Release|x86
		{5438014F-5389-462A-88A1-E84923A79DA2}.Release|Xbox 360.ActiveCfg = Release|x86
		{5438014F-5389-462A-88A1-E84923A79DA2}.Utilities - XMLMaker|Mixed Platforms.ActiveCfg = Reference|x86
		{5438014F-5389-462A-88A1-E84923A79DA2}.Utilities - XMLMaker|x86.ActiveCfg = Reference|x86
		{5438014F-5389-462A-88A1-E84923A79DA2}.Utilities - XMLMaker|Xbox 360.ActiveCfg = Reference|x86
		{9F898134-4337-4707-BD79-5D9FAC3678E7}.Debug - GamePad|Mixed Platforms.ActiveCfg = Debug|Xbox 360
		{9F898134-4337-4707-BD79-5D9FAC3678E7}.Debug - GamePad|x86.ActiveCfg = Debug|Xbox 360
		{9F898134-4337-4707-BD79-5D9FAC3678E7}.Debug - GamePad|Xbox 360.ActiveCfg = Debug|Xbox 360
		{9F898134-4337-4707-BD79-5D9FAC3678E7}.Debug - Manette|Mixed Platforms.ActiveCfg = Debug|Xbox 360
		{9F898134-4337-4707-BD79-5D9FAC3678E7}.Debug - Manette|x86.ActiveCfg = Debug|Xbox 360
		{9F898134-4337-4707-BD79-5D9FAC3678E7}.Debug - Manette|Xbox 360.ActiveCfg = Debug|Xbox 360
		{9F898134-4337-4707-BD79-5D9FAC3678E7}.Debug - Trial|Mixed Platforms.ActiveCfg = Debug - Trial|Xbox 360
		{9F898134-4337-4707-BD79-5D9FAC3678E7}.Debug - Trial|x86.ActiveCfg = Debug - Trial|Xbox 360
		{9F898134-4337-4707-BD79-5D9FAC3678E7}.Debug - Trial|Xbox 360.ActiveCfg = Debug - Trial|Xbox 360
		{9F898134-4337-4707-BD79-5D9FAC3678E7}.Debug|Mixed Platforms.ActiveCfg = Debug|Xbox 360
		{9F898134-4337-4707-BD79-5D9FAC3678E7}.Debug|x86.ActiveCfg = Debug|Xbox 360
		{9F898134-4337-4707-BD79-5D9FAC3678E7}.Debug|Xbox 360.ActiveCfg = Debug|Xbox 360
		{9F898134-4337-4707-BD79-5D9FAC3678E7}.Reference|Mixed Platforms.ActiveCfg = Reference|Xbox 360
		{9F898134-4337-4707-BD79-5D9FAC3678E7}.Reference|x86.ActiveCfg = Reference|Xbox 360
		{9F898134-4337-4707-BD79-5D9FAC3678E7}.Reference|Xbox 360.ActiveCfg = Reference|Xbox 360
		{9F898134-4337-4707-BD79-5D9FAC3678E7}.Release - Trial|Mixed Platforms.ActiveCfg = Release - Trial|Xbox 360
		{9F898134-4337-4707-BD79-5D9FAC3678E7}.Release - Trial|x86.ActiveCfg = Release - Trial|Xbox 360
		{9F898134-4337-4707-BD79-5D9FAC3678E7}.Release - Trial|Xbox 360.ActiveCfg = Release - Trial|Xbox 360
		{9F898134-4337-4707-BD79-5D9FAC3678E7}.Release|Mixed Platforms.ActiveCfg = Release|Xbox 360
		{9F898134-4337-4707-BD79-5D9FAC3678E7}.Release|x86.ActiveCfg = Release|Xbox 360
		{9F898134-4337-4707-BD79-5D9FAC3678E7}.Release|Xbox 360.ActiveCfg = Release|Xbox 360
		{9F898134-4337-4707-BD79-5D9FAC3678E7}.Utilities - XMLMaker|Mixed Platforms.ActiveCfg = Reference|Xbox 360
		{9F898134-4337-4707-BD79-5D9FAC3678E7}.Utilities - XMLMaker|x86.ActiveCfg = Reference|Xbox 360
		{9F898134-4337-4707-BD79-5D9FAC3678E7}.Utilities - XMLMaker|Xbox 360.ActiveCfg = Reference|Xbox 360
		{E73B4EF4-6F84-4CA8-BBA0-FC519C993F99}.Debug - GamePad|Mixed Platforms.ActiveCfg = Debug|x86
		{E73B4EF4-6F84-4CA8-BBA0-FC519C993F99}.Debug - GamePad|x86.ActiveCfg = Debug|x86
		{E73B4EF4-6F84-4CA8-BBA0-FC519C993F99}.Debug - GamePad|Xbox 360.ActiveCfg = Debug|x86
		{E73B4EF4-6F84-4CA8-BBA0-FC519C993F99}.Debug - Manette|Mixed Platforms.ActiveCfg = Debug|x86
		{E73B4EF4-6F84-4CA8-BBA0-FC519C993F99}.Debug - Manette|x86.ActiveCfg = Debug|x86
		{E73B4EF4-6F84-4CA8-BBA0-FC519C993F99}.Debug - Manette|Xbox 360.ActiveCfg = Debug|x86
		{E73B4EF4-6F84-4CA8-BBA0-FC519C993F99}.Debug - Trial|Mixed Platforms.ActiveCfg = Debug|x86
		{E73B4EF4-6F84-4CA8-BBA0-FC519C993F99}.Debug - Trial|x86.ActiveCfg = Debug|x86
		{E73B4EF4-6F84-4CA8-BBA0-FC519C993F99}.Debug - Trial|Xbox 360.ActiveCfg = Debug|x86
		{E73B4EF4-6F84-4CA8-BBA0-FC519C993F99}.Debug|Mixed Platforms.ActiveCfg = Debug|x86
		{E73B4EF4-6F84-4CA8-BBA0-FC519C993F99}.Debug|x86.ActiveCfg = Debug|x86
		{E73B4EF4-6F84-4CA8-BBA0-FC519C993F99}.Debug|Xbox 360.ActiveCfg = Debug|x86
		{E73B4EF4-6F84-4CA8-BBA0-FC519C993F99}.Reference|Mixed Platforms.ActiveCfg = Release|x86
		{E73B4EF4-6F84-4CA8-BBA0-FC519C993F99}.Reference|x86.ActiveCfg = Release|x86
		{E73B4EF4-6F84-4CA8-BBA0-FC519C993F99}.Reference|Xbox 360.ActiveCfg = Release|x86
		{E73B4EF4-6F84-4CA8-BBA0-FC519C993F99}.Release - Trial|Mixed Platforms.ActiveCfg = Release|x86
		{E73B4EF4-6F84-4CA8-BBA0-FC519C993F99}.Release - Trial|x86.ActiveCfg = Release|x86
		{E73B4EF4-6F84-4CA8-BBA0-FC519C993F99}.Release - Trial|Xbox 360.ActiveCfg = Release|x86
		{E73B4EF4-6F84-4CA8-BBA0-FC519C993F99}.Release|Mixed Platforms.ActiveCfg = Release|x86
		{E73B4EF4-6F84-4CA8-BBA0-FC519C993F99}.Release|x86.ActiveCfg = Release|x86
		{E73B4EF4-6F84-4CA8-BBA0-FC519C993F99}.Release|Xbox 360.ActiveCfg = Release|x86
		{E73B4EF4-6F84-4CA8-BBA0-FC519C993F99}.Utilities - XMLMaker|Mixed Platforms.ActiveCfg = Release|x86
		{E73B4EF4-6F84-4CA8-BBA0-FC519C993F99}.Utilities - XMLMaker|x86.ActiveCfg = Release|x86
		{E73B4EF4-6F84-4CA8-BBA0-FC519C993F99}.Utilities - XMLMaker|Xbox 360.ActiveCfg = Release|x86
	EndGlobalSection
	GlobalSection(SolutionProperties) = preSolution
		HideSolutionNode = FALSE
	EndGlobalSection
EndGlobal
