
Microsoft Visual Studio Solution File, Format Version 11.00
# Visual Studio 2010
Project("{FAE04EC0-301F-11D3-BF4B-00C04F79EFBC}") = "Win Commander", "TDA\Win Commander.csproj", "{FC697C05-69B7-46AE-A46C-9101D3C81E1C}"
EndProject
Project("{FAE04EC0-301F-11D3-BF4B-00C04F79EFBC}") = "Win Core", "Core\Win Core.csproj", "{D6F32E4E-250E-4835-97FE-B8EBC7B405FC}"
EndProject
Project("{FAE04EC0-301F-11D3-BF4B-00C04F79EFBC}") = "Z Win Objects", "TDA.Objets\Content\Z Win Objects.contentproj", "{4FFC3384-C0F2-47F1-A074-7F834C50B6D1}"
EndProject
Project("{FAE04EC0-301F-11D3-BF4B-00C04F79EFBC}") = "Z Win Core Content", "Core\Content\Z Win Core Content.contentproj", "{E73B4EF4-6F84-4CA8-BBA0-FC519C993F99}"
EndProject
Project("{FAE04EC0-301F-11D3-BF4B-00C04F79EFBC}") = "Win Objects", "Win Objects\Win Objects.csproj", "{5270A0B2-E346-4D80-B2E0-2E7548989E2C}"
EndProject
Project("{FAE04EC0-301F-11D3-BF4B-00C04F79EFBC}") = "Xbox 360 Core", "Core\Xbox 360 Core.csproj", "{D78912B8-54DD-45D6-9906-D61A6D7EC610}"
EndProject
Project("{FAE04EC0-301F-11D3-BF4B-00C04F79EFBC}") = "Xbox 360 Commander", "TDA\Xbox 360 Commander.csproj", "{7513489D-4684-4791-B526-70C17DB7050C}"
EndProject
Project("{96E2B04D-8817-42C6-938A-82C39BA4D311}") = "Z Win Commander Content", "Z Win Commander Content\Z Win Commander Content.contentproj", "{9568AC60-0C78-428B-BD19-C3B7C4200C94}"
EndProject
Global
	GlobalSection(SolutionConfigurationPlatforms) = preSolution
		Debug - Trial|Any CPU = Debug - Trial|Any CPU
		Debug - Trial|Mixed Platforms = Debug - Trial|Mixed Platforms
		Debug - Trial|x86 = Debug - Trial|x86
		Debug - Trial|Xbox 360 = Debug - Trial|Xbox 360
		Debug|Any CPU = Debug|Any CPU
		Debug|Mixed Platforms = Debug|Mixed Platforms
		Debug|x86 = Debug|x86
		Debug|Xbox 360 = Debug|Xbox 360
		Release - Trial|Any CPU = Release - Trial|Any CPU
		Release - Trial|Mixed Platforms = Release - Trial|Mixed Platforms
		Release - Trial|x86 = Release - Trial|x86
		Release - Trial|Xbox 360 = Release - Trial|Xbox 360
		Release|Any CPU = Release|Any CPU
		Release|Mixed Platforms = Release|Mixed Platforms
		Release|x86 = Release|x86
		Release|Xbox 360 = Release|Xbox 360
	EndGlobalSection
	GlobalSection(ProjectConfigurationPlatforms) = postSolution
		{FC697C05-69B7-46AE-A46C-9101D3C81E1C}.Debug - Trial|Any CPU.ActiveCfg = Debug - Trial|x86
		{FC697C05-69B7-46AE-A46C-9101D3C81E1C}.Debug - Trial|Mixed Platforms.ActiveCfg = Debug - Trial|x86
		{FC697C05-69B7-46AE-A46C-9101D3C81E1C}.Debug - Trial|Mixed Platforms.Build.0 = Debug - Trial|x86
		{FC697C05-69B7-46AE-A46C-9101D3C81E1C}.Debug - Trial|x86.ActiveCfg = Debug - Trial|x86
		{FC697C05-69B7-46AE-A46C-9101D3C81E1C}.Debug - Trial|x86.Build.0 = Debug - Trial|x86
		{FC697C05-69B7-46AE-A46C-9101D3C81E1C}.Debug - Trial|Xbox 360.ActiveCfg = Debug - Trial|x86
		{FC697C05-69B7-46AE-A46C-9101D3C81E1C}.Debug|Any CPU.ActiveCfg = Debug|x86
		{FC697C05-69B7-46AE-A46C-9101D3C81E1C}.Debug|Mixed Platforms.ActiveCfg = Debug|x86
		{FC697C05-69B7-46AE-A46C-9101D3C81E1C}.Debug|Mixed Platforms.Build.0 = Debug|x86
		{FC697C05-69B7-46AE-A46C-9101D3C81E1C}.Debug|x86.ActiveCfg = Debug|x86
		{FC697C05-69B7-46AE-A46C-9101D3C81E1C}.Debug|x86.Build.0 = Debug|x86
		{FC697C05-69B7-46AE-A46C-9101D3C81E1C}.Debug|Xbox 360.ActiveCfg = Debug|x86
		{FC697C05-69B7-46AE-A46C-9101D3C81E1C}.Release - Trial|Any CPU.ActiveCfg = Release - Trial|x86
		{FC697C05-69B7-46AE-A46C-9101D3C81E1C}.Release - Trial|Mixed Platforms.ActiveCfg = Release - Trial|x86
		{FC697C05-69B7-46AE-A46C-9101D3C81E1C}.Release - Trial|x86.ActiveCfg = Release - Trial|x86
		{FC697C05-69B7-46AE-A46C-9101D3C81E1C}.Release - Trial|x86.Build.0 = Release - Trial|x86
		{FC697C05-69B7-46AE-A46C-9101D3C81E1C}.Release - Trial|Xbox 360.ActiveCfg = Release - Trial|x86
		{FC697C05-69B7-46AE-A46C-9101D3C81E1C}.Release|Any CPU.ActiveCfg = Release|x86
		{FC697C05-69B7-46AE-A46C-9101D3C81E1C}.Release|Mixed Platforms.ActiveCfg = Release|x86
		{FC697C05-69B7-46AE-A46C-9101D3C81E1C}.Release|Mixed Platforms.Build.0 = Release|x86
		{FC697C05-69B7-46AE-A46C-9101D3C81E1C}.Release|x86.ActiveCfg = Release|x86
		{FC697C05-69B7-46AE-A46C-9101D3C81E1C}.Release|x86.Build.0 = Release|x86
		{FC697C05-69B7-46AE-A46C-9101D3C81E1C}.Release|Xbox 360.ActiveCfg = Release|x86
		{D6F32E4E-250E-4835-97FE-B8EBC7B405FC}.Debug - Trial|Any CPU.ActiveCfg = Debug|x86
		{D6F32E4E-250E-4835-97FE-B8EBC7B405FC}.Debug - Trial|Mixed Platforms.ActiveCfg = Debug|x86
		{D6F32E4E-250E-4835-97FE-B8EBC7B405FC}.Debug - Trial|Mixed Platforms.Build.0 = Debug|x86
		{D6F32E4E-250E-4835-97FE-B8EBC7B405FC}.Debug - Trial|x86.ActiveCfg = Debug|x86
		{D6F32E4E-250E-4835-97FE-B8EBC7B405FC}.Debug - Trial|x86.Build.0 = Debug|x86
		{D6F32E4E-250E-4835-97FE-B8EBC7B405FC}.Debug - Trial|Xbox 360.ActiveCfg = Debug|x86
		{D6F32E4E-250E-4835-97FE-B8EBC7B405FC}.Debug|Any CPU.ActiveCfg = Debug|x86
		{D6F32E4E-250E-4835-97FE-B8EBC7B405FC}.Debug|Mixed Platforms.ActiveCfg = Debug|x86
		{D6F32E4E-250E-4835-97FE-B8EBC7B405FC}.Debug|Mixed Platforms.Build.0 = Debug|x86
		{D6F32E4E-250E-4835-97FE-B8EBC7B405FC}.Debug|x86.ActiveCfg = Debug|x86
		{D6F32E4E-250E-4835-97FE-B8EBC7B405FC}.Debug|x86.Build.0 = Debug|x86
		{D6F32E4E-250E-4835-97FE-B8EBC7B405FC}.Debug|Xbox 360.ActiveCfg = Debug|x86
		{D6F32E4E-250E-4835-97FE-B8EBC7B405FC}.Release - Trial|Any CPU.ActiveCfg = Release - Trial|x86
		{D6F32E4E-250E-4835-97FE-B8EBC7B405FC}.Release - Trial|Mixed Platforms.ActiveCfg = Release - Trial|x86
		{D6F32E4E-250E-4835-97FE-B8EBC7B405FC}.Release - Trial|x86.ActiveCfg = Release - Trial|x86
		{D6F32E4E-250E-4835-97FE-B8EBC7B405FC}.Release - Trial|x86.Build.0 = Release - Trial|x86
		{D6F32E4E-250E-4835-97FE-B8EBC7B405FC}.Release - Trial|Xbox 360.ActiveCfg = Release - Trial|x86
		{D6F32E4E-250E-4835-97FE-B8EBC7B405FC}.Release|Any CPU.ActiveCfg = Release|x86
		{D6F32E4E-250E-4835-97FE-B8EBC7B405FC}.Release|Mixed Platforms.ActiveCfg = Release|x86
		{D6F32E4E-250E-4835-97FE-B8EBC7B405FC}.Release|Mixed Platforms.Build.0 = Release|x86
		{D6F32E4E-250E-4835-97FE-B8EBC7B405FC}.Release|x86.ActiveCfg = Release|x86
		{D6F32E4E-250E-4835-97FE-B8EBC7B405FC}.Release|x86.Build.0 = Release|x86
		{D6F32E4E-250E-4835-97FE-B8EBC7B405FC}.Release|Xbox 360.ActiveCfg = Release|x86
		{4FFC3384-C0F2-47F1-A074-7F834C50B6D1}.Debug - Trial|Any CPU.ActiveCfg = Debug - Trial|x86
		{4FFC3384-C0F2-47F1-A074-7F834C50B6D1}.Debug - Trial|Mixed Platforms.ActiveCfg = Debug - Trial|x86
		{4FFC3384-C0F2-47F1-A074-7F834C50B6D1}.Debug - Trial|x86.ActiveCfg = Debug - Trial|x86
		{4FFC3384-C0F2-47F1-A074-7F834C50B6D1}.Debug - Trial|Xbox 360.ActiveCfg = Debug - Trial|x86
		{4FFC3384-C0F2-47F1-A074-7F834C50B6D1}.Debug|Any CPU.ActiveCfg = Debug|x86
		{4FFC3384-C0F2-47F1-A074-7F834C50B6D1}.Debug|Mixed Platforms.ActiveCfg = Debug|x86
		{4FFC3384-C0F2-47F1-A074-7F834C50B6D1}.Debug|x86.ActiveCfg = Debug|x86
		{4FFC3384-C0F2-47F1-A074-7F834C50B6D1}.Debug|Xbox 360.ActiveCfg = Debug|x86
		{4FFC3384-C0F2-47F1-A074-7F834C50B6D1}.Release - Trial|Any CPU.ActiveCfg = Release - Trial|x86
		{4FFC3384-C0F2-47F1-A074-7F834C50B6D1}.Release - Trial|Mixed Platforms.ActiveCfg = Release - Trial|x86
		{4FFC3384-C0F2-47F1-A074-7F834C50B6D1}.Release - Trial|x86.ActiveCfg = Release - Trial|x86
		{4FFC3384-C0F2-47F1-A074-7F834C50B6D1}.Release - Trial|Xbox 360.ActiveCfg = Release - Trial|x86
		{4FFC3384-C0F2-47F1-A074-7F834C50B6D1}.Release|Any CPU.ActiveCfg = Release|x86
		{4FFC3384-C0F2-47F1-A074-7F834C50B6D1}.Release|Mixed Platforms.ActiveCfg = Release|x86
		{4FFC3384-C0F2-47F1-A074-7F834C50B6D1}.Release|x86.ActiveCfg = Release|x86
		{4FFC3384-C0F2-47F1-A074-7F834C50B6D1}.Release|Xbox 360.ActiveCfg = Release|x86
		{E73B4EF4-6F84-4CA8-BBA0-FC519C993F99}.Debug - Trial|Any CPU.ActiveCfg = Debug|x86
		{E73B4EF4-6F84-4CA8-BBA0-FC519C993F99}.Debug - Trial|Mixed Platforms.ActiveCfg = Debug|x86
		{E73B4EF4-6F84-4CA8-BBA0-FC519C993F99}.Debug - Trial|x86.ActiveCfg = Debug|x86
		{E73B4EF4-6F84-4CA8-BBA0-FC519C993F99}.Debug - Trial|Xbox 360.ActiveCfg = Debug|x86
		{E73B4EF4-6F84-4CA8-BBA0-FC519C993F99}.Debug|Any CPU.ActiveCfg = Debug|x86
		{E73B4EF4-6F84-4CA8-BBA0-FC519C993F99}.Debug|Mixed Platforms.ActiveCfg = Debug|x86
		{E73B4EF4-6F84-4CA8-BBA0-FC519C993F99}.Debug|x86.ActiveCfg = Debug|x86
		{E73B4EF4-6F84-4CA8-BBA0-FC519C993F99}.Debug|x86.Build.0 = Debug|x86
		{E73B4EF4-6F84-4CA8-BBA0-FC519C993F99}.Debug|Xbox 360.ActiveCfg = Debug|x86
		{E73B4EF4-6F84-4CA8-BBA0-FC519C993F99}.Release - Trial|Any CPU.ActiveCfg = Release|x86
		{E73B4EF4-6F84-4CA8-BBA0-FC519C993F99}.Release - Trial|Mixed Platforms.ActiveCfg = Release|x86
		{E73B4EF4-6F84-4CA8-BBA0-FC519C993F99}.Release - Trial|x86.ActiveCfg = Release|x86
		{E73B4EF4-6F84-4CA8-BBA0-FC519C993F99}.Release - Trial|Xbox 360.ActiveCfg = Release|x86
		{E73B4EF4-6F84-4CA8-BBA0-FC519C993F99}.Release|Any CPU.ActiveCfg = Release|x86
		{E73B4EF4-6F84-4CA8-BBA0-FC519C993F99}.Release|Mixed Platforms.ActiveCfg = Release|x86
		{E73B4EF4-6F84-4CA8-BBA0-FC519C993F99}.Release|x86.ActiveCfg = Release|x86
		{E73B4EF4-6F84-4CA8-BBA0-FC519C993F99}.Release|Xbox 360.ActiveCfg = Release|x86
		{5270A0B2-E346-4D80-B2E0-2E7548989E2C}.Debug - Trial|Any CPU.ActiveCfg = Debug|x86
		{5270A0B2-E346-4D80-B2E0-2E7548989E2C}.Debug - Trial|Mixed Platforms.ActiveCfg = Debug|x86
		{5270A0B2-E346-4D80-B2E0-2E7548989E2C}.Debug - Trial|Mixed Platforms.Build.0 = Debug|x86
		{5270A0B2-E346-4D80-B2E0-2E7548989E2C}.Debug - Trial|x86.ActiveCfg = Debug|x86
		{5270A0B2-E346-4D80-B2E0-2E7548989E2C}.Debug - Trial|x86.Build.0 = Debug|x86
		{5270A0B2-E346-4D80-B2E0-2E7548989E2C}.Debug - Trial|Xbox 360.ActiveCfg = Debug|x86
		{5270A0B2-E346-4D80-B2E0-2E7548989E2C}.Debug|Any CPU.ActiveCfg = Debug|x86
		{5270A0B2-E346-4D80-B2E0-2E7548989E2C}.Debug|Mixed Platforms.ActiveCfg = Debug|x86
		{5270A0B2-E346-4D80-B2E0-2E7548989E2C}.Debug|Mixed Platforms.Build.0 = Debug|x86
		{5270A0B2-E346-4D80-B2E0-2E7548989E2C}.Debug|x86.ActiveCfg = Debug|x86
		{5270A0B2-E346-4D80-B2E0-2E7548989E2C}.Debug|Xbox 360.ActiveCfg = Debug|x86
		{5270A0B2-E346-4D80-B2E0-2E7548989E2C}.Release - Trial|Any CPU.ActiveCfg = Release - Trial|x86
		{5270A0B2-E346-4D80-B2E0-2E7548989E2C}.Release - Trial|Mixed Platforms.ActiveCfg = Release - Trial|x86
		{5270A0B2-E346-4D80-B2E0-2E7548989E2C}.Release - Trial|x86.ActiveCfg = Release - Trial|x86
		{5270A0B2-E346-4D80-B2E0-2E7548989E2C}.Release - Trial|x86.Build.0 = Release - Trial|x86
		{5270A0B2-E346-4D80-B2E0-2E7548989E2C}.Release - Trial|Xbox 360.ActiveCfg = Release - Trial|x86
		{5270A0B2-E346-4D80-B2E0-2E7548989E2C}.Release|Any CPU.ActiveCfg = Release|x86
		{5270A0B2-E346-4D80-B2E0-2E7548989E2C}.Release|Mixed Platforms.ActiveCfg = Release|x86
		{5270A0B2-E346-4D80-B2E0-2E7548989E2C}.Release|Mixed Platforms.Build.0 = Release|x86
		{5270A0B2-E346-4D80-B2E0-2E7548989E2C}.Release|x86.ActiveCfg = Release|x86
		{5270A0B2-E346-4D80-B2E0-2E7548989E2C}.Release|x86.Build.0 = Release|x86
		{5270A0B2-E346-4D80-B2E0-2E7548989E2C}.Release|Xbox 360.ActiveCfg = Release|x86
		{D78912B8-54DD-45D6-9906-D61A6D7EC610}.Debug - Trial|Any CPU.ActiveCfg = Debug|Xbox 360
		{D78912B8-54DD-45D6-9906-D61A6D7EC610}.Debug - Trial|Mixed Platforms.ActiveCfg = Debug|Xbox 360
		{D78912B8-54DD-45D6-9906-D61A6D7EC610}.Debug - Trial|Mixed Platforms.Build.0 = Debug|Xbox 360
		{D78912B8-54DD-45D6-9906-D61A6D7EC610}.Debug - Trial|x86.ActiveCfg = Debug|Xbox 360
		{D78912B8-54DD-45D6-9906-D61A6D7EC610}.Debug - Trial|Xbox 360.ActiveCfg = Debug|Xbox 360
		{D78912B8-54DD-45D6-9906-D61A6D7EC610}.Debug - Trial|Xbox 360.Build.0 = Debug|Xbox 360
		{D78912B8-54DD-45D6-9906-D61A6D7EC610}.Debug|Any CPU.ActiveCfg = Debug|Xbox 360
		{D78912B8-54DD-45D6-9906-D61A6D7EC610}.Debug|Mixed Platforms.ActiveCfg = Debug|Xbox 360
		{D78912B8-54DD-45D6-9906-D61A6D7EC610}.Debug|Mixed Platforms.Build.0 = Debug|Xbox 360
		{D78912B8-54DD-45D6-9906-D61A6D7EC610}.Debug|x86.ActiveCfg = Debug|Xbox 360
		{D78912B8-54DD-45D6-9906-D61A6D7EC610}.Debug|Xbox 360.ActiveCfg = Debug|Xbox 360
		{D78912B8-54DD-45D6-9906-D61A6D7EC610}.Debug|Xbox 360.Build.0 = Debug|Xbox 360
		{D78912B8-54DD-45D6-9906-D61A6D7EC610}.Release - Trial|Any CPU.ActiveCfg = Release|Xbox 360
		{D78912B8-54DD-45D6-9906-D61A6D7EC610}.Release - Trial|Mixed Platforms.ActiveCfg = Release|Xbox 360
		{D78912B8-54DD-45D6-9906-D61A6D7EC610}.Release - Trial|Mixed Platforms.Build.0 = Release|Xbox 360
		{D78912B8-54DD-45D6-9906-D61A6D7EC610}.Release - Trial|x86.ActiveCfg = Release|Xbox 360
		{D78912B8-54DD-45D6-9906-D61A6D7EC610}.Release - Trial|Xbox 360.ActiveCfg = Release|Xbox 360
		{D78912B8-54DD-45D6-9906-D61A6D7EC610}.Release - Trial|Xbox 360.Build.0 = Release|Xbox 360
		{D78912B8-54DD-45D6-9906-D61A6D7EC610}.Release|Any CPU.ActiveCfg = Release|Xbox 360
		{D78912B8-54DD-45D6-9906-D61A6D7EC610}.Release|Mixed Platforms.ActiveCfg = Release|Xbox 360
		{D78912B8-54DD-45D6-9906-D61A6D7EC610}.Release|Mixed Platforms.Build.0 = Release|Xbox 360
		{D78912B8-54DD-45D6-9906-D61A6D7EC610}.Release|x86.ActiveCfg = Release|Xbox 360
		{D78912B8-54DD-45D6-9906-D61A6D7EC610}.Release|Xbox 360.ActiveCfg = Release|Xbox 360
		{D78912B8-54DD-45D6-9906-D61A6D7EC610}.Release|Xbox 360.Build.0 = Release|Xbox 360
		{7513489D-4684-4791-B526-70C17DB7050C}.Debug - Trial|Any CPU.ActiveCfg = Debug|Xbox 360
		{7513489D-4684-4791-B526-70C17DB7050C}.Debug - Trial|Mixed Platforms.ActiveCfg = Debug|Xbox 360
		{7513489D-4684-4791-B526-70C17DB7050C}.Debug - Trial|Mixed Platforms.Build.0 = Debug|Xbox 360
		{7513489D-4684-4791-B526-70C17DB7050C}.Debug - Trial|Mixed Platforms.Deploy.0 = Debug|Xbox 360
		{7513489D-4684-4791-B526-70C17DB7050C}.Debug - Trial|x86.ActiveCfg = Debug|Xbox 360
		{7513489D-4684-4791-B526-70C17DB7050C}.Debug - Trial|Xbox 360.ActiveCfg = Debug|Xbox 360
		{7513489D-4684-4791-B526-70C17DB7050C}.Debug - Trial|Xbox 360.Build.0 = Debug|Xbox 360
		{7513489D-4684-4791-B526-70C17DB7050C}.Debug - Trial|Xbox 360.Deploy.0 = Debug|Xbox 360
		{7513489D-4684-4791-B526-70C17DB7050C}.Debug|Any CPU.ActiveCfg = Debug|Xbox 360
		{7513489D-4684-4791-B526-70C17DB7050C}.Debug|Mixed Platforms.ActiveCfg = Debug|Xbox 360
		{7513489D-4684-4791-B526-70C17DB7050C}.Debug|Mixed Platforms.Build.0 = Debug|Xbox 360
		{7513489D-4684-4791-B526-70C17DB7050C}.Debug|Mixed Platforms.Deploy.0 = Debug|Xbox 360
		{7513489D-4684-4791-B526-70C17DB7050C}.Debug|x86.ActiveCfg = Debug|Xbox 360
		{7513489D-4684-4791-B526-70C17DB7050C}.Debug|Xbox 360.ActiveCfg = Debug|Xbox 360
		{7513489D-4684-4791-B526-70C17DB7050C}.Debug|Xbox 360.Build.0 = Debug|Xbox 360
		{7513489D-4684-4791-B526-70C17DB7050C}.Debug|Xbox 360.Deploy.0 = Debug|Xbox 360
		{7513489D-4684-4791-B526-70C17DB7050C}.Release - Trial|Any CPU.ActiveCfg = Release|Xbox 360
		{7513489D-4684-4791-B526-70C17DB7050C}.Release - Trial|Mixed Platforms.ActiveCfg = Release|Xbox 360
		{7513489D-4684-4791-B526-70C17DB7050C}.Release - Trial|Mixed Platforms.Build.0 = Release|Xbox 360
		{7513489D-4684-4791-B526-70C17DB7050C}.Release - Trial|Mixed Platforms.Deploy.0 = Release|Xbox 360
		{7513489D-4684-4791-B526-70C17DB7050C}.Release - Trial|x86.ActiveCfg = Release|Xbox 360
		{7513489D-4684-4791-B526-70C17DB7050C}.Release - Trial|Xbox 360.ActiveCfg = Release|Xbox 360
		{7513489D-4684-4791-B526-70C17DB7050C}.Release - Trial|Xbox 360.Build.0 = Release|Xbox 360
		{7513489D-4684-4791-B526-70C17DB7050C}.Release - Trial|Xbox 360.Deploy.0 = Release|Xbox 360
		{7513489D-4684-4791-B526-70C17DB7050C}.Release|Any CPU.ActiveCfg = Release|Xbox 360
		{7513489D-4684-4791-B526-70C17DB7050C}.Release|Mixed Platforms.ActiveCfg = Release|Xbox 360
		{7513489D-4684-4791-B526-70C17DB7050C}.Release|Mixed Platforms.Build.0 = Release|Xbox 360
		{7513489D-4684-4791-B526-70C17DB7050C}.Release|Mixed Platforms.Deploy.0 = Release|Xbox 360
		{7513489D-4684-4791-B526-70C17DB7050C}.Release|x86.ActiveCfg = Release|Xbox 360
		{7513489D-4684-4791-B526-70C17DB7050C}.Release|Xbox 360.ActiveCfg = Release|Xbox 360
		{7513489D-4684-4791-B526-70C17DB7050C}.Release|Xbox 360.Build.0 = Release|Xbox 360
		{7513489D-4684-4791-B526-70C17DB7050C}.Release|Xbox 360.Deploy.0 = Release|Xbox 360
		{9568AC60-0C78-428B-BD19-C3B7C4200C94}.Debug - Trial|Any CPU.ActiveCfg = Debug|Any CPU
		{9568AC60-0C78-428B-BD19-C3B7C4200C94}.Debug - Trial|Mixed Platforms.ActiveCfg = Debug|Any CPU
		{9568AC60-0C78-428B-BD19-C3B7C4200C94}.Debug - Trial|x86.ActiveCfg = Debug|Any CPU
		{9568AC60-0C78-428B-BD19-C3B7C4200C94}.Debug - Trial|Xbox 360.ActiveCfg = Debug|Any CPU
		{9568AC60-0C78-428B-BD19-C3B7C4200C94}.Debug|Any CPU.ActiveCfg = Debug|Any CPU
		{9568AC60-0C78-428B-BD19-C3B7C4200C94}.Debug|Mixed Platforms.ActiveCfg = Debug|Any CPU
		{9568AC60-0C78-428B-BD19-C3B7C4200C94}.Debug|x86.ActiveCfg = Debug|Any CPU
		{9568AC60-0C78-428B-BD19-C3B7C4200C94}.Debug|Xbox 360.ActiveCfg = Debug|Any CPU
		{9568AC60-0C78-428B-BD19-C3B7C4200C94}.Release - Trial|Any CPU.ActiveCfg = Debug|Any CPU
		{9568AC60-0C78-428B-BD19-C3B7C4200C94}.Release - Trial|Mixed Platforms.ActiveCfg = Debug|Any CPU
		{9568AC60-0C78-428B-BD19-C3B7C4200C94}.Release - Trial|x86.ActiveCfg = Debug|Any CPU
		{9568AC60-0C78-428B-BD19-C3B7C4200C94}.Release - Trial|Xbox 360.ActiveCfg = Debug|Any CPU
		{9568AC60-0C78-428B-BD19-C3B7C4200C94}.Release|Any CPU.ActiveCfg = Debug|Any CPU
		{9568AC60-0C78-428B-BD19-C3B7C4200C94}.Release|Mixed Platforms.ActiveCfg = Debug|Any CPU
		{9568AC60-0C78-428B-BD19-C3B7C4200C94}.Release|x86.ActiveCfg = Debug|Any CPU
		{9568AC60-0C78-428B-BD19-C3B7C4200C94}.Release|Xbox 360.ActiveCfg = Debug|Any CPU
	EndGlobalSection
	GlobalSection(SolutionProperties) = preSolution
		HideSolutionNode = FALSE
	EndGlobalSection
EndGlobal
